// !$*UTF8*$!
{
	archiveVersion = 1;
	classes = {
	};
	objectVersion = 50;
	objects = {

/* Begin PBXBuildFile section */
		058557BB273AAA24004C7B11 /* Assets.xcassets in Resources */ = {isa = PBXBuildFile; fileRef = 058557BA273AAA24004C7B11 /* Assets.xcassets */; };
		144FF75ED078CDF5342536A2 /* Pods_iosApp.framework in Frameworks */ = {isa = PBXBuildFile; fileRef = F26B8939CDAEE1C1453C74E1 /* Pods_iosApp.framework */; };
		302449EA2969CB36009482B1 /* AppDelegate.swift in Sources */ = {isa = PBXBuildFile; fileRef = 302449E72969CB35009482B1 /* AppDelegate.swift */; };
		302449EB2969CB36009482B1 /* ViewController.swift in Sources */ = {isa = PBXBuildFile; fileRef = 302449E82969CB35009482B1 /* ViewController.swift */; };
		302449EC2969CB36009482B1 /* SceneDelegate.swift in Sources */ = {isa = PBXBuildFile; fileRef = 302449E92969CB36009482B1 /* SceneDelegate.swift */; };
		302449F22969CC0F009482B1 /* LaunchScreen.storyboard in Resources */ = {isa = PBXBuildFile; fileRef = 302449F02969CC0F009482B1 /* LaunchScreen.storyboard */; };
		302449F52969CD94009482B1 /* VerbInputNamespace.swift in Sources */ = {isa = PBXBuildFile; fileRef = 302449F42969CD94009482B1 /* VerbInputNamespace.swift */; };
		302449F72969CDB8009482B1 /* VerbInputViewModel.swift in Sources */ = {isa = PBXBuildFile; fileRef = 302449F62969CDB8009482B1 /* VerbInputViewModel.swift */; };
		302449F92969CDC2009482B1 /* VerbInputCoordinator.swift in Sources */ = {isa = PBXBuildFile; fileRef = 302449F82969CDC2009482B1 /* VerbInputCoordinator.swift */; };
		302449FC2969CDE5009482B1 /* VerbInputViewController.swift in Sources */ = {isa = PBXBuildFile; fileRef = 302449FA2969CDE5009482B1 /* VerbInputViewController.swift */; };
		302449FD2969CDE5009482B1 /* VerbInputViewController.xib in Resources */ = {isa = PBXBuildFile; fileRef = 302449FB2969CDE5009482B1 /* VerbInputViewController.xib */; };
		302449FF2969CE3A009482B1 /* AppContext.swift in Sources */ = {isa = PBXBuildFile; fileRef = 302449FE2969CE3A009482B1 /* AppContext.swift */; };
		30244A042969CF02009482B1 /* BaseCoordinator.swift in Sources */ = {isa = PBXBuildFile; fileRef = 30244A022969CF02009482B1 /* BaseCoordinator.swift */; };
		30244A052969CF02009482B1 /* DeeplinkResponder.swift in Sources */ = {isa = PBXBuildFile; fileRef = 30244A032969CF02009482B1 /* DeeplinkResponder.swift */; };
		30244A222969D035009482B1 /* Prism.swift in Sources */ = {isa = PBXBuildFile; fileRef = 30244A082969D034009482B1 /* Prism.swift */; };
		30244A232969D035009482B1 /* Lens.swift in Sources */ = {isa = PBXBuildFile; fileRef = 30244A0A2969D034009482B1 /* Lens.swift */; };
		30244A242969D035009482B1 /* InMemoryValueStorage.swift in Sources */ = {isa = PBXBuildFile; fileRef = 30244A0C2969D034009482B1 /* InMemoryValueStorage.swift */; };
		30244A262969D035009482B1 /* FileValueStorage.swift in Sources */ = {isa = PBXBuildFile; fileRef = 30244A0E2969D034009482B1 /* FileValueStorage.swift */; };
		30244A272969D035009482B1 /* KeychainValueStorage.swift in Sources */ = {isa = PBXBuildFile; fileRef = 30244A0F2969D034009482B1 /* KeychainValueStorage.swift */; };
		30244A2A2969D035009482B1 /* ValueStorage.swift in Sources */ = {isa = PBXBuildFile; fileRef = 30244A122969D034009482B1 /* ValueStorage.swift */; };
		30244A2B2969D035009482B1 /* UserDefaultsValueStorage.swift in Sources */ = {isa = PBXBuildFile; fileRef = 30244A132969D034009482B1 /* UserDefaultsValueStorage.swift */; };
		30244A2C2969D035009482B1 /* SELayoutConstraint.swift in Sources */ = {isa = PBXBuildFile; fileRef = 30244A152969D034009482B1 /* SELayoutConstraint.swift */; };
		30244A2D2969D035009482B1 /* FibonacciIterator.swift in Sources */ = {isa = PBXBuildFile; fileRef = 30244A172969D034009482B1 /* FibonacciIterator.swift */; };
		30244A2E2969D035009482B1 /* AtomicProperty.swift in Sources */ = {isa = PBXBuildFile; fileRef = 30244A182969D034009482B1 /* AtomicProperty.swift */; };
		30244A2F2969D035009482B1 /* Creator.swift in Sources */ = {isa = PBXBuildFile; fileRef = 30244A1A2969D034009482B1 /* Creator.swift */; };
		30244A302969D035009482B1 /* MemoryLeakChecker.swift in Sources */ = {isa = PBXBuildFile; fileRef = 30244A1C2969D035009482B1 /* MemoryLeakChecker.swift */; };
		30244A312969D035009482B1 /* Barriered.swift in Sources */ = {isa = PBXBuildFile; fileRef = 30244A1D2969D035009482B1 /* Barriered.swift */; };
		30244A322969D035009482B1 /* Atomic.swift in Sources */ = {isa = PBXBuildFile; fileRef = 30244A1E2969D035009482B1 /* Atomic.swift */; };
		30244A332969D035009482B1 /* NibBasedView.swift in Sources */ = {isa = PBXBuildFile; fileRef = 30244A1F2969D035009482B1 /* NibBasedView.swift */; };
		30244A342969D035009482B1 /* XFamilyLayoutConstraint.swift in Sources */ = {isa = PBXBuildFile; fileRef = 30244A212969D035009482B1 /* XFamilyLayoutConstraint.swift */; };
		30244A382969D05B009482B1 /* List.swift in Sources */ = {isa = PBXBuildFile; fileRef = 30244A362969D05B009482B1 /* List.swift */; };
		30244A392969D05B009482B1 /* IndexedList.swift in Sources */ = {isa = PBXBuildFile; fileRef = 30244A372969D05B009482B1 /* IndexedList.swift */; };
		30244A3C2969F9DF009482B1 /* VerbInputCoordinator+Composition.swift in Sources */ = {isa = PBXBuildFile; fileRef = 30244A3B2969F9DF009482B1 /* VerbInputCoordinator+Composition.swift */; };
/* End PBXBuildFile section */

/* Begin PBXFileReference section */
		058557BA273AAA24004C7B11 /* Assets.xcassets */ = {isa = PBXFileReference; lastKnownFileType = folder.assetcatalog; path = Assets.xcassets; sourceTree = "<group>"; };
		1A1131FCDEA38092947DBA95 /* Pods-iosApp.release.xcconfig */ = {isa = PBXFileReference; includeInIndex = 1; lastKnownFileType = text.xcconfig; name = "Pods-iosApp.release.xcconfig"; path = "Target Support Files/Pods-iosApp/Pods-iosApp.release.xcconfig"; sourceTree = "<group>"; };
		302449E72969CB35009482B1 /* AppDelegate.swift */ = {isa = PBXFileReference; fileEncoding = 4; lastKnownFileType = sourcecode.swift; path = AppDelegate.swift; sourceTree = "<group>"; };
		302449E82969CB35009482B1 /* ViewController.swift */ = {isa = PBXFileReference; fileEncoding = 4; lastKnownFileType = sourcecode.swift; path = ViewController.swift; sourceTree = "<group>"; };
		302449E92969CB36009482B1 /* SceneDelegate.swift */ = {isa = PBXFileReference; fileEncoding = 4; lastKnownFileType = sourcecode.swift; path = SceneDelegate.swift; sourceTree = "<group>"; };
		302449F12969CC0F009482B1 /* Base */ = {isa = PBXFileReference; lastKnownFileType = file.storyboard; name = Base; path = Base.lproj/LaunchScreen.storyboard; sourceTree = "<group>"; };
		302449F42969CD94009482B1 /* VerbInputNamespace.swift */ = {isa = PBXFileReference; lastKnownFileType = sourcecode.swift; path = VerbInputNamespace.swift; sourceTree = "<group>"; };
		302449F62969CDB8009482B1 /* VerbInputViewModel.swift */ = {isa = PBXFileReference; lastKnownFileType = sourcecode.swift; path = VerbInputViewModel.swift; sourceTree = "<group>"; };
		302449F82969CDC2009482B1 /* VerbInputCoordinator.swift */ = {isa = PBXFileReference; lastKnownFileType = sourcecode.swift; path = VerbInputCoordinator.swift; sourceTree = "<group>"; };
		302449FA2969CDE5009482B1 /* VerbInputViewController.swift */ = {isa = PBXFileReference; lastKnownFileType = sourcecode.swift; path = VerbInputViewController.swift; sourceTree = "<group>"; };
		302449FB2969CDE5009482B1 /* VerbInputViewController.xib */ = {isa = PBXFileReference; lastKnownFileType = file.xib; path = VerbInputViewController.xib; sourceTree = "<group>"; };
		302449FE2969CE3A009482B1 /* AppContext.swift */ = {isa = PBXFileReference; lastKnownFileType = sourcecode.swift; path = AppContext.swift; sourceTree = "<group>"; };
		30244A022969CF02009482B1 /* BaseCoordinator.swift */ = {isa = PBXFileReference; fileEncoding = 4; lastKnownFileType = sourcecode.swift; path = BaseCoordinator.swift; sourceTree = "<group>"; };
		30244A032969CF02009482B1 /* DeeplinkResponder.swift */ = {isa = PBXFileReference; fileEncoding = 4; lastKnownFileType = sourcecode.swift; path = DeeplinkResponder.swift; sourceTree = "<group>"; };
		30244A082969D034009482B1 /* Prism.swift */ = {isa = PBXFileReference; fileEncoding = 4; lastKnownFileType = sourcecode.swift; path = Prism.swift; sourceTree = "<group>"; };
		30244A0A2969D034009482B1 /* Lens.swift */ = {isa = PBXFileReference; fileEncoding = 4; lastKnownFileType = sourcecode.swift; path = Lens.swift; sourceTree = "<group>"; };
		30244A0C2969D034009482B1 /* InMemoryValueStorage.swift */ = {isa = PBXFileReference; fileEncoding = 4; lastKnownFileType = sourcecode.swift; path = InMemoryValueStorage.swift; sourceTree = "<group>"; };
		30244A0D2969D034009482B1 /* FileValueStorageTests.swift */ = {isa = PBXFileReference; fileEncoding = 4; lastKnownFileType = sourcecode.swift; path = FileValueStorageTests.swift; sourceTree = "<group>"; };
		30244A0E2969D034009482B1 /* FileValueStorage.swift */ = {isa = PBXFileReference; fileEncoding = 4; lastKnownFileType = sourcecode.swift; path = FileValueStorage.swift; sourceTree = "<group>"; };
		30244A0F2969D034009482B1 /* KeychainValueStorage.swift */ = {isa = PBXFileReference; fileEncoding = 4; lastKnownFileType = sourcecode.swift; path = KeychainValueStorage.swift; sourceTree = "<group>"; };
		30244A122969D034009482B1 /* ValueStorage.swift */ = {isa = PBXFileReference; fileEncoding = 4; lastKnownFileType = sourcecode.swift; path = ValueStorage.swift; sourceTree = "<group>"; };
		30244A132969D034009482B1 /* UserDefaultsValueStorage.swift */ = {isa = PBXFileReference; fileEncoding = 4; lastKnownFileType = sourcecode.swift; path = UserDefaultsValueStorage.swift; sourceTree = "<group>"; };
		30244A152969D034009482B1 /* SELayoutConstraint.swift */ = {isa = PBXFileReference; fileEncoding = 4; lastKnownFileType = sourcecode.swift; path = SELayoutConstraint.swift; sourceTree = "<group>"; };
		30244A172969D034009482B1 /* FibonacciIterator.swift */ = {isa = PBXFileReference; fileEncoding = 4; lastKnownFileType = sourcecode.swift; path = FibonacciIterator.swift; sourceTree = "<group>"; };
		30244A182969D034009482B1 /* AtomicProperty.swift */ = {isa = PBXFileReference; fileEncoding = 4; lastKnownFileType = sourcecode.swift; path = AtomicProperty.swift; sourceTree = "<group>"; };
		30244A1A2969D034009482B1 /* Creator.swift */ = {isa = PBXFileReference; fileEncoding = 4; lastKnownFileType = sourcecode.swift; path = Creator.swift; sourceTree = "<group>"; };
		30244A1C2969D035009482B1 /* MemoryLeakChecker.swift */ = {isa = PBXFileReference; fileEncoding = 4; lastKnownFileType = sourcecode.swift; path = MemoryLeakChecker.swift; sourceTree = "<group>"; };
		30244A1D2969D035009482B1 /* Barriered.swift */ = {isa = PBXFileReference; fileEncoding = 4; lastKnownFileType = sourcecode.swift; path = Barriered.swift; sourceTree = "<group>"; };
		30244A1E2969D035009482B1 /* Atomic.swift */ = {isa = PBXFileReference; fileEncoding = 4; lastKnownFileType = sourcecode.swift; path = Atomic.swift; sourceTree = "<group>"; };
		30244A1F2969D035009482B1 /* NibBasedView.swift */ = {isa = PBXFileReference; fileEncoding = 4; lastKnownFileType = sourcecode.swift; path = NibBasedView.swift; sourceTree = "<group>"; };
		30244A212969D035009482B1 /* XFamilyLayoutConstraint.swift */ = {isa = PBXFileReference; fileEncoding = 4; lastKnownFileType = sourcecode.swift; path = XFamilyLayoutConstraint.swift; sourceTree = "<group>"; };
		30244A362969D05B009482B1 /* List.swift */ = {isa = PBXFileReference; fileEncoding = 4; lastKnownFileType = sourcecode.swift; path = List.swift; sourceTree = "<group>"; };
		30244A372969D05B009482B1 /* IndexedList.swift */ = {isa = PBXFileReference; fileEncoding = 4; lastKnownFileType = sourcecode.swift; path = IndexedList.swift; sourceTree = "<group>"; };
		30244A3B2969F9DF009482B1 /* VerbInputCoordinator+Composition.swift */ = {isa = PBXFileReference; lastKnownFileType = sourcecode.swift; path = "VerbInputCoordinator+Composition.swift"; sourceTree = "<group>"; };
		7555FF7B242A565900829871 /* iosApp.app */ = {isa = PBXFileReference; explicitFileType = wrapper.application; includeInIndex = 0; path = iosApp.app; sourceTree = BUILT_PRODUCTS_DIR; };
		7555FF8C242A565B00829871 /* Info.plist */ = {isa = PBXFileReference; lastKnownFileType = text.plist.xml; path = Info.plist; sourceTree = "<group>"; };
		7A055BC1D591A74F8D33BD93 /* Pods-iosApp.debug.xcconfig */ = {isa = PBXFileReference; includeInIndex = 1; lastKnownFileType = text.xcconfig; name = "Pods-iosApp.debug.xcconfig"; path = "Target Support Files/Pods-iosApp/Pods-iosApp.debug.xcconfig"; sourceTree = "<group>"; };
		F26B8939CDAEE1C1453C74E1 /* Pods_iosApp.framework */ = {isa = PBXFileReference; explicitFileType = wrapper.framework; includeInIndex = 0; path = Pods_iosApp.framework; sourceTree = BUILT_PRODUCTS_DIR; };
/* End PBXFileReference section */

/* Begin PBXFrameworksBuildPhase section */
		7F96B35AC8BD2540AB499D9A /* Frameworks */ = {
			isa = PBXFrameworksBuildPhase;
			buildActionMask = 2147483647;
			files = (
				144FF75ED078CDF5342536A2 /* Pods_iosApp.framework in Frameworks */,
			);
			runOnlyForDeploymentPostprocessing = 0;
		};
/* End PBXFrameworksBuildPhase section */

/* Begin PBXGroup section */
		302449F32969CD7E009482B1 /* VerbInput */ = {
			isa = PBXGroup;
			children = (
				30244A3A2969F9D1009482B1 /* Composition */,
				302449F42969CD94009482B1 /* VerbInputNamespace.swift */,
				302449F62969CDB8009482B1 /* VerbInputViewModel.swift */,
				302449F82969CDC2009482B1 /* VerbInputCoordinator.swift */,
				302449FA2969CDE5009482B1 /* VerbInputViewController.swift */,
				302449FB2969CDE5009482B1 /* VerbInputViewController.xib */,
			);
			path = VerbInput;
			sourceTree = "<group>";
		};
		30244A002969CEDC009482B1 /* Toolkit */ = {
			isa = PBXGroup;
			children = (
				30244A352969D05B009482B1 /* LinkedList */,
				30244A1E2969D035009482B1 /* Atomic.swift */,
				30244A182969D034009482B1 /* AtomicProperty.swift */,
				30244A1D2969D035009482B1 /* Barriered.swift */,
				30244A192969D034009482B1 /* Creator */,
				30244A162969D034009482B1 /* FibonacciIterator */,
				30244A062969D034009482B1 /* Glass */,
				30244A1B2969D035009482B1 /* MemoryLeakChecker */,
				30244A1F2969D035009482B1 /* NibBasedView.swift */,
				30244A142969D034009482B1 /* SELayoutConstraint */,
				30244A0B2969D034009482B1 /* ValueStorage */,
				30244A202969D035009482B1 /* XFamilyLayoutConstraint */,
				30244A012969CEEC009482B1 /* Coordinator */,
			);
			path = Toolkit;
			sourceTree = "<group>";
		};
		30244A012969CEEC009482B1 /* Coordinator */ = {
			isa = PBXGroup;
			children = (
				30244A022969CF02009482B1 /* BaseCoordinator.swift */,
				30244A032969CF02009482B1 /* DeeplinkResponder.swift */,
			);
			path = Coordinator;
			sourceTree = "<group>";
		};
		30244A062969D034009482B1 /* Glass */ = {
			isa = PBXGroup;
			children = (
				30244A072969D034009482B1 /* Prism */,
				30244A092969D034009482B1 /* Lens */,
			);
			path = Glass;
			sourceTree = "<group>";
		};
		30244A072969D034009482B1 /* Prism */ = {
			isa = PBXGroup;
			children = (
				30244A082969D034009482B1 /* Prism.swift */,
			);
			path = Prism;
			sourceTree = "<group>";
		};
		30244A092969D034009482B1 /* Lens */ = {
			isa = PBXGroup;
			children = (
				30244A0A2969D034009482B1 /* Lens.swift */,
			);
			path = Lens;
			sourceTree = "<group>";
		};
		30244A0B2969D034009482B1 /* ValueStorage */ = {
			isa = PBXGroup;
			children = (
				30244A0C2969D034009482B1 /* InMemoryValueStorage.swift */,
				30244A0D2969D034009482B1 /* FileValueStorageTests.swift */,
				30244A0E2969D034009482B1 /* FileValueStorage.swift */,
				30244A0F2969D034009482B1 /* KeychainValueStorage.swift */,
				30244A122969D034009482B1 /* ValueStorage.swift */,
				30244A132969D034009482B1 /* UserDefaultsValueStorage.swift */,
			);
			path = ValueStorage;
			sourceTree = "<group>";
		};
		30244A142969D034009482B1 /* SELayoutConstraint */ = {
			isa = PBXGroup;
			children = (
				30244A152969D034009482B1 /* SELayoutConstraint.swift */,
			);
			path = SELayoutConstraint;
			sourceTree = "<group>";
		};
		30244A162969D034009482B1 /* FibonacciIterator */ = {
			isa = PBXGroup;
			children = (
				30244A172969D034009482B1 /* FibonacciIterator.swift */,
			);
			path = FibonacciIterator;
			sourceTree = "<group>";
		};
		30244A192969D034009482B1 /* Creator */ = {
			isa = PBXGroup;
			children = (
				30244A1A2969D034009482B1 /* Creator.swift */,
			);
			path = Creator;
			sourceTree = "<group>";
		};
		30244A1B2969D035009482B1 /* MemoryLeakChecker */ = {
			isa = PBXGroup;
			children = (
				30244A1C2969D035009482B1 /* MemoryLeakChecker.swift */,
			);
			path = MemoryLeakChecker;
			sourceTree = "<group>";
		};
		30244A202969D035009482B1 /* XFamilyLayoutConstraint */ = {
			isa = PBXGroup;
			children = (
				30244A212969D035009482B1 /* XFamilyLayoutConstraint.swift */,
			);
			path = XFamilyLayoutConstraint;
			sourceTree = "<group>";
		};
		30244A352969D05B009482B1 /* LinkedList */ = {
			isa = PBXGroup;
			children = (
				30244A362969D05B009482B1 /* List.swift */,
				30244A372969D05B009482B1 /* IndexedList.swift */,
			);
			path = LinkedList;
			sourceTree = "<group>";
		};
		30244A3A2969F9D1009482B1 /* Composition */ = {
			isa = PBXGroup;
			children = (
				30244A3B2969F9DF009482B1 /* VerbInputCoordinator+Composition.swift */,
			);
			path = Composition;
			sourceTree = "<group>";
		};
		7555FF72242A565900829871 = {
			isa = PBXGroup;
			children = (
				7555FF7D242A565900829871 /* iosApp */,
				7555FF7C242A565900829871 /* Products */,
				9C2F72E72E61D04B73591CAC /* Pods */,
				E8479B2ED0697519D0C2F1E7 /* Frameworks */,
			);
			sourceTree = "<group>";
		};
		7555FF7C242A565900829871 /* Products */ = {
			isa = PBXGroup;
			children = (
				7555FF7B242A565900829871 /* iosApp.app */,
			);
			name = Products;
			sourceTree = "<group>";
		};
		7555FF7D242A565900829871 /* iosApp */ = {
			isa = PBXGroup;
			children = (
				30244A002969CEDC009482B1 /* Toolkit */,
				302449F32969CD7E009482B1 /* VerbInput */,
				302449E72969CB35009482B1 /* AppDelegate.swift */,
				302449E92969CB36009482B1 /* SceneDelegate.swift */,
				302449E82969CB35009482B1 /* ViewController.swift */,
				302449FE2969CE3A009482B1 /* AppContext.swift */,
				302449F02969CC0F009482B1 /* LaunchScreen.storyboard */,
				058557BA273AAA24004C7B11 /* Assets.xcassets */,
				7555FF8C242A565B00829871 /* Info.plist */,
			);
			path = iosApp;
			sourceTree = "<group>";
		};
		9C2F72E72E61D04B73591CAC /* Pods */ = {
			isa = PBXGroup;
			children = (
				7A055BC1D591A74F8D33BD93 /* Pods-iosApp.debug.xcconfig */,
				1A1131FCDEA38092947DBA95 /* Pods-iosApp.release.xcconfig */,
			);
			path = Pods;
			sourceTree = "<group>";
		};
		E8479B2ED0697519D0C2F1E7 /* Frameworks */ = {
			isa = PBXGroup;
			children = (
				F26B8939CDAEE1C1453C74E1 /* Pods_iosApp.framework */,
			);
			name = Frameworks;
			sourceTree = "<group>";
		};
/* End PBXGroup section */

/* Begin PBXNativeTarget section */
		7555FF7A242A565900829871 /* iosApp */ = {
			isa = PBXNativeTarget;
			buildConfigurationList = 7555FFA5242A565B00829871 /* Build configuration list for PBXNativeTarget "iosApp" */;
			buildPhases = (
				5C557FDE9304A846F9310C8F /* [CP] Check Pods Manifest.lock */,
				7555FF77242A565900829871 /* Sources */,
				7555FF79242A565900829871 /* Resources */,
				7F96B35AC8BD2540AB499D9A /* Frameworks */,
			);
			buildRules = (
			);
			dependencies = (
			);
			name = iosApp;
			productName = iosApp;
			productReference = 7555FF7B242A565900829871 /* iosApp.app */;
			productType = "com.apple.product-type.application";
		};
/* End PBXNativeTarget section */

/* Begin PBXProject section */
		7555FF73242A565900829871 /* Project object */ = {
			isa = PBXProject;
			attributes = {
				LastSwiftUpdateCheck = 1130;
				LastUpgradeCheck = 1130;
				ORGANIZATIONNAME = orgName;
				TargetAttributes = {
					7555FF7A242A565900829871 = {
						CreatedOnToolsVersion = 11.3.1;
						LastSwiftMigration = 1420;
					};
				};
			};
			buildConfigurationList = 7555FF76242A565900829871 /* Build configuration list for PBXProject "iosApp" */;
			compatibilityVersion = "Xcode 9.3";
			developmentRegion = en;
			hasScannedForEncodings = 0;
			knownRegions = (
				en,
				Base,
			);
			mainGroup = 7555FF72242A565900829871;
			productRefGroup = 7555FF7C242A565900829871 /* Products */;
			projectDirPath = "";
			projectRoot = "";
			targets = (
				7555FF7A242A565900829871 /* iosApp */,
			);
		};
/* End PBXProject section */

/* Begin PBXResourcesBuildPhase section */
		7555FF79242A565900829871 /* Resources */ = {
			isa = PBXResourcesBuildPhase;
			buildActionMask = 2147483647;
			files = (
				302449F22969CC0F009482B1 /* LaunchScreen.storyboard in Resources */,
				302449FD2969CDE5009482B1 /* VerbInputViewController.xib in Resources */,
				058557BB273AAA24004C7B11 /* Assets.xcassets in Resources */,
			);
			runOnlyForDeploymentPostprocessing = 0;
		};
/* End PBXResourcesBuildPhase section */

/* Begin PBXShellScriptBuildPhase section */
		5C557FDE9304A846F9310C8F /* [CP] Check Pods Manifest.lock */ = {
			isa = PBXShellScriptBuildPhase;
			buildActionMask = 2147483647;
			files = (
			);
			inputFileListPaths = (
			);
			inputPaths = (
				"${PODS_PODFILE_DIR_PATH}/Podfile.lock",
				"${PODS_ROOT}/Manifest.lock",
			);
			name = "[CP] Check Pods Manifest.lock";
			outputFileListPaths = (
			);
			outputPaths = (
				"$(DERIVED_FILE_DIR)/Pods-iosApp-checkManifestLockResult.txt",
			);
			runOnlyForDeploymentPostprocessing = 0;
			shellPath = /bin/sh;
			shellScript = "diff \"${PODS_PODFILE_DIR_PATH}/Podfile.lock\" \"${PODS_ROOT}/Manifest.lock\" > /dev/null\nif [ $? != 0 ] ; then\n    # print error to STDERR\n    echo \"error: The sandbox is not in sync with the Podfile.lock. Run 'pod install' or update your CocoaPods installation.\" >&2\n    exit 1\nfi\n# This output is used by Xcode 'outputs' to avoid re-running this script phase.\necho \"SUCCESS\" > \"${SCRIPT_OUTPUT_FILE_0}\"\n";
			showEnvVarsInLog = 0;
		};
/* End PBXShellScriptBuildPhase section */

/* Begin PBXSourcesBuildPhase section */
		7555FF77242A565900829871 /* Sources */ = {
			isa = PBXSourcesBuildPhase;
			buildActionMask = 2147483647;
			files = (
				30244A2C2969D035009482B1 /* SELayoutConstraint.swift in Sources */,
				30244A342969D035009482B1 /* XFamilyLayoutConstraint.swift in Sources */,
				302449F92969CDC2009482B1 /* VerbInputCoordinator.swift in Sources */,
				30244A312969D035009482B1 /* Barriered.swift in Sources */,
				30244A042969CF02009482B1 /* BaseCoordinator.swift in Sources */,
				302449FF2969CE3A009482B1 /* AppContext.swift in Sources */,
				30244A272969D035009482B1 /* KeychainValueStorage.swift in Sources */,
				30244A392969D05B009482B1 /* IndexedList.swift in Sources */,
				30244A222969D035009482B1 /* Prism.swift in Sources */,
				302449F72969CDB8009482B1 /* VerbInputViewModel.swift in Sources */,
				30244A332969D035009482B1 /* NibBasedView.swift in Sources */,
				30244A2A2969D035009482B1 /* ValueStorage.swift in Sources */,
				30244A2F2969D035009482B1 /* Creator.swift in Sources */,
				302449EB2969CB36009482B1 /* ViewController.swift in Sources */,
				302449F52969CD94009482B1 /* VerbInputNamespace.swift in Sources */,
				30244A2B2969D035009482B1 /* UserDefaultsValueStorage.swift in Sources */,
				302449EA2969CB36009482B1 /* AppDelegate.swift in Sources */,
				302449EC2969CB36009482B1 /* SceneDelegate.swift in Sources */,
				30244A052969CF02009482B1 /* DeeplinkResponder.swift in Sources */,
				302449FC2969CDE5009482B1 /* VerbInputViewController.swift in Sources */,
				30244A3C2969F9DF009482B1 /* VerbInputCoordinator+Composition.swift in Sources */,
				30244A322969D035009482B1 /* Atomic.swift in Sources */,
				30244A262969D035009482B1 /* FileValueStorage.swift in Sources */,
				30244A382969D05B009482B1 /* List.swift in Sources */,
				30244A302969D035009482B1 /* MemoryLeakChecker.swift in Sources */,
				30244A232969D035009482B1 /* Lens.swift in Sources */,
				30244A2E2969D035009482B1 /* AtomicProperty.swift in Sources */,
				30244A2D2969D035009482B1 /* FibonacciIterator.swift in Sources */,
				30244A242969D035009482B1 /* InMemoryValueStorage.swift in Sources */,
			);
			runOnlyForDeploymentPostprocessing = 0;
		};
/* End PBXSourcesBuildPhase section */

/* Begin PBXVariantGroup section */
		302449F02969CC0F009482B1 /* LaunchScreen.storyboard */ = {
			isa = PBXVariantGroup;
			children = (
				302449F12969CC0F009482B1 /* Base */,
			);
			name = LaunchScreen.storyboard;
			sourceTree = "<group>";
		};
/* End PBXVariantGroup section */

/* Begin XCBuildConfiguration section */
		7555FFA3242A565B00829871 /* Debug */ = {
			isa = XCBuildConfiguration;
			buildSettings = {
				ALWAYS_SEARCH_USER_PATHS = NO;
				CLANG_ANALYZER_NONNULL = YES;
				CLANG_ANALYZER_NUMBER_OBJECT_CONVERSION = YES_AGGRESSIVE;
				CLANG_CXX_LANGUAGE_STANDARD = "gnu++14";
				CLANG_CXX_LIBRARY = "libc++";
				CLANG_ENABLE_MODULES = YES;
				CLANG_ENABLE_OBJC_ARC = YES;
				CLANG_ENABLE_OBJC_WEAK = YES;
				CLANG_WARN_BLOCK_CAPTURE_AUTORELEASING = YES;
				CLANG_WARN_BOOL_CONVERSION = YES;
				CLANG_WARN_COMMA = YES;
				CLANG_WARN_CONSTANT_CONVERSION = YES;
				CLANG_WARN_DEPRECATED_OBJC_IMPLEMENTATIONS = YES;
				CLANG_WARN_DIRECT_OBJC_ISA_USAGE = YES_ERROR;
				CLANG_WARN_DOCUMENTATION_COMMENTS = YES;
				CLANG_WARN_EMPTY_BODY = YES;
				CLANG_WARN_ENUM_CONVERSION = YES;
				CLANG_WARN_INFINITE_RECURSION = YES;
				CLANG_WARN_INT_CONVERSION = YES;
				CLANG_WARN_NON_LITERAL_NULL_CONVERSION = YES;
				CLANG_WARN_OBJC_IMPLICIT_RETAIN_SELF = YES;
				CLANG_WARN_OBJC_LITERAL_CONVERSION = YES;
				CLANG_WARN_OBJC_ROOT_CLASS = YES_ERROR;
				CLANG_WARN_QUOTED_INCLUDE_IN_FRAMEWORK_HEADER = YES;
				CLANG_WARN_RANGE_LOOP_ANALYSIS = YES;
				CLANG_WARN_STRICT_PROTOTYPES = YES;
				CLANG_WARN_SUSPICIOUS_MOVE = YES;
				CLANG_WARN_UNGUARDED_AVAILABILITY = YES_AGGRESSIVE;
				CLANG_WARN_UNREACHABLE_CODE = YES;
				CLANG_WARN__DUPLICATE_METHOD_MATCH = YES;
				COPY_PHASE_STRIP = NO;
				DEBUG_INFORMATION_FORMAT = "dwarf-with-dsym";
				ENABLE_STRICT_OBJC_MSGSEND = YES;
				ENABLE_TESTABILITY = YES;
				GCC_C_LANGUAGE_STANDARD = gnu11;
				GCC_DYNAMIC_NO_PIC = NO;
				GCC_NO_COMMON_BLOCKS = YES;
				GCC_OPTIMIZATION_LEVEL = 0;
				GCC_PREPROCESSOR_DEFINITIONS = (
					"DEBUG=1",
					"$(inherited)",
				);
				GCC_WARN_64_TO_32_BIT_CONVERSION = YES;
				GCC_WARN_ABOUT_RETURN_TYPE = YES_ERROR;
				GCC_WARN_UNDECLARED_SELECTOR = YES;
				GCC_WARN_UNINITIALIZED_AUTOS = YES_AGGRESSIVE;
				GCC_WARN_UNUSED_FUNCTION = YES;
				GCC_WARN_UNUSED_VARIABLE = YES;
				IPHONEOS_DEPLOYMENT_TARGET = 15.0;
				MTL_ENABLE_DEBUG_INFO = INCLUDE_SOURCE;
				MTL_FAST_MATH = YES;
				ONLY_ACTIVE_ARCH = YES;
				SDKROOT = iphoneos;
				SWIFT_ACTIVE_COMPILATION_CONDITIONS = DEBUG;
				SWIFT_OPTIMIZATION_LEVEL = "-Onone";
			};
			name = Debug;
		};
		7555FFA4242A565B00829871 /* Release */ = {
			isa = XCBuildConfiguration;
			buildSettings = {
				ALWAYS_SEARCH_USER_PATHS = NO;
				CLANG_ANALYZER_NONNULL = YES;
				CLANG_ANALYZER_NUMBER_OBJECT_CONVERSION = YES_AGGRESSIVE;
				CLANG_CXX_LANGUAGE_STANDARD = "gnu++14";
				CLANG_CXX_LIBRARY = "libc++";
				CLANG_ENABLE_MODULES = YES;
				CLANG_ENABLE_OBJC_ARC = YES;
				CLANG_ENABLE_OBJC_WEAK = YES;
				CLANG_WARN_BLOCK_CAPTURE_AUTORELEASING = YES;
				CLANG_WARN_BOOL_CONVERSION = YES;
				CLANG_WARN_COMMA = YES;
				CLANG_WARN_CONSTANT_CONVERSION = YES;
				CLANG_WARN_DEPRECATED_OBJC_IMPLEMENTATIONS = YES;
				CLANG_WARN_DIRECT_OBJC_ISA_USAGE = YES_ERROR;
				CLANG_WARN_DOCUMENTATION_COMMENTS = YES;
				CLANG_WARN_EMPTY_BODY = YES;
				CLANG_WARN_ENUM_CONVERSION = YES;
				CLANG_WARN_INFINITE_RECURSION = YES;
				CLANG_WARN_INT_CONVERSION = YES;
				CLANG_WARN_NON_LITERAL_NULL_CONVERSION = YES;
				CLANG_WARN_OBJC_IMPLICIT_RETAIN_SELF = YES;
				CLANG_WARN_OBJC_LITERAL_CONVERSION = YES;
				CLANG_WARN_OBJC_ROOT_CLASS = YES_ERROR;
				CLANG_WARN_QUOTED_INCLUDE_IN_FRAMEWORK_HEADER = YES;
				CLANG_WARN_RANGE_LOOP_ANALYSIS = YES;
				CLANG_WARN_STRICT_PROTOTYPES = YES;
				CLANG_WARN_SUSPICIOUS_MOVE = YES;
				CLANG_WARN_UNGUARDED_AVAILABILITY = YES_AGGRESSIVE;
				CLANG_WARN_UNREACHABLE_CODE = YES;
				CLANG_WARN__DUPLICATE_METHOD_MATCH = YES;
				COPY_PHASE_STRIP = NO;
				DEBUG_INFORMATION_FORMAT = "dwarf-with-dsym";
				ENABLE_NS_ASSERTIONS = NO;
				ENABLE_STRICT_OBJC_MSGSEND = YES;
				GCC_C_LANGUAGE_STANDARD = gnu11;
				GCC_NO_COMMON_BLOCKS = YES;
				GCC_WARN_64_TO_32_BIT_CONVERSION = YES;
				GCC_WARN_ABOUT_RETURN_TYPE = YES_ERROR;
				GCC_WARN_UNDECLARED_SELECTOR = YES;
				GCC_WARN_UNINITIALIZED_AUTOS = YES_AGGRESSIVE;
				GCC_WARN_UNUSED_FUNCTION = YES;
				GCC_WARN_UNUSED_VARIABLE = YES;
				IPHONEOS_DEPLOYMENT_TARGET = 15.0;
				MTL_ENABLE_DEBUG_INFO = NO;
				MTL_FAST_MATH = YES;
				SDKROOT = iphoneos;
				SWIFT_COMPILATION_MODE = wholemodule;
				SWIFT_OPTIMIZATION_LEVEL = "-O";
				VALIDATE_PRODUCT = YES;
			};
			name = Release;
		};
		7555FFA6242A565B00829871 /* Debug */ = {
			isa = XCBuildConfiguration;
			baseConfigurationReference = 7A055BC1D591A74F8D33BD93 /* Pods-iosApp.debug.xcconfig */;
			buildSettings = {
				ASSETCATALOG_COMPILER_APPICON_NAME = AppIcon;
				CLANG_ENABLE_MODULES = YES;
				CODE_SIGN_STYLE = Automatic;
				ENABLE_PREVIEWS = YES;
				INFOPLIST_FILE = iosApp/Info.plist;
				INFOPLIST_KEY_LSApplicationCategoryType = "public.app-category.education";
				IPHONEOS_DEPLOYMENT_TARGET = 15.0;
				LD_RUNPATH_SEARCH_PATHS = (
					"$(inherited)",
					"@executable_path/Frameworks",
				);
				PRODUCT_BUNDLE_IDENTIFIER = orgIdentifier.iosApp;
				PRODUCT_NAME = "$(TARGET_NAME)";
				SWIFT_OPTIMIZATION_LEVEL = "-Onone";
				SWIFT_VERSION = 5.0;
				TARGETED_DEVICE_FAMILY = "1,2";
			};
			name = Debug;
		};
		7555FFA7242A565B00829871 /* Release */ = {
			isa = XCBuildConfiguration;
			baseConfigurationReference = 1A1131FCDEA38092947DBA95 /* Pods-iosApp.release.xcconfig */;
			buildSettings = {
				ASSETCATALOG_COMPILER_APPICON_NAME = AppIcon;
				CLANG_ENABLE_MODULES = YES;
				CODE_SIGN_STYLE = Automatic;
				ENABLE_PREVIEWS = YES;
				INFOPLIST_FILE = iosApp/Info.plist;
				INFOPLIST_KEY_LSApplicationCategoryType = "public.app-category.education";
				IPHONEOS_DEPLOYMENT_TARGET = 15.0;
				LD_RUNPATH_SEARCH_PATHS = (
					"$(inherited)",
					"@executable_path/Frameworks",
				);
				PRODUCT_BUNDLE_IDENTIFIER = orgIdentifier.iosApp;
				PRODUCT_NAME = "$(TARGET_NAME)";
				SWIFT_VERSION = 5.0;
				TARGETED_DEVICE_FAMILY = "1,2";
			};
			name = Release;
		};
/* End XCBuildConfiguration section */

/* Begin XCConfigurationList section */
		7555FF76242A565900829871 /* Build configuration list for PBXProject "iosApp" */ = {
			isa = XCConfigurationList;
			buildConfigurations = (
				7555FFA3242A565B00829871 /* Debug */,
				7555FFA4242A565B00829871 /* Release */,
			);
			defaultConfigurationIsVisible = 0;
			defaultConfigurationName = Release;
		};
		7555FFA5242A565B00829871 /* Build configuration list for PBXNativeTarget "iosApp" */ = {
			isa = XCConfigurationList;
			buildConfigurations = (
				7555FFA6242A565B00829871 /* Debug */,
				7555FFA7242A565B00829871 /* Release */,
			);
			defaultConfigurationIsVisible = 0;
			defaultConfigurationName = Release;
		};
/* End XCConfigurationList section */
	};
	rootObject = 7555FF73242A565900829871 /* Project object */;
}
