PODS:
  - LumiereToolkit (0.2.0)
  - Nimble (9.2.1)
  - Quick (4.0.0)
  - shared (1.0)

DEPENDENCIES:
  - "LumiereToolkit (from `git@github.com:Max-Lumiere/LumiereToolkit.git`)"
  - Nimble
  - Quick
  - shared (from `../shared`)

SPEC REPOS:
  https://github.com/CocoaPods/Specs.git:
    - Nimble
    - Quick

EXTERNAL SOURCES:
  LumiereToolkit:
    :git: "git@github.com:Max-Lumiere/LumiereToolkit.git"
  shared:
    :path: "../shared"

CHECKOUT OPTIONS:
  LumiereToolkit:
    :commit: f6c9f5691111706a672844b633ca013b4b982a1c
    :git: "git@github.com:Max-Lumiere/LumiereToolkit.git"

SPEC CHECKSUMS:
  LumiereToolkit: 7006b76b21d780f2d85a09bc74ba1694c765dc7f
  Nimble: e7e615c0335ee4bf5b0d786685451e62746117d5
  Quick: 6473349e43b9271a8d43839d9ba1c442ed1b7ac4
  shared: 595ca9fb88595314adbe6e3a495b5df24f86577b

PODFILE CHECKSUM: 9d58134a9c4f8653f0013daeabf096d3460a8049

COCOAPODS: 1.11.2
