PODS:
  - Cuckoo (1.5.1):
    - Cuckoo/Swift (= 1.5.1)
  - Cuckoo/Swift (1.5.1)
  - LumiereToolkit (0.2.0)
  - Nimble (9.2.1)
  - Quick (4.0.0)
  - shared (1.0)

DEPENDENCIES:
  - Cuckoo
  - "LumiereToolkit (from `git@github.com:Max-Lumiere/LumiereToolkit.git`)"
  - Nimble
  - Quick
  - shared (from `../shared`)

SPEC REPOS:
  https://github.com/CocoaPods/Specs.git:
    - Cuckoo
    - Nimble
    - Quick

EXTERNAL SOURCES:
  LumiereToolkit:
    :git: "git@github.com:Max-Lumiere/LumiereToolkit.git"
  shared:
    :path: "../shared"

CHECKOUT OPTIONS:
  LumiereToolkit:
    :commit: fdaaa5352409478805a97024348d4d5a4b161f86
    :git: "git@github.com:Max-Lumiere/LumiereToolkit.git"

SPEC CHECKSUMS:
  Cuckoo: 9124fe138270854903483c270370e6e7658fbc9b
  LumiereToolkit: 7006b76b21d780f2d85a09bc74ba1694c765dc7f
  Nimble: e7e615c0335ee4bf5b0d786685451e62746117d5
  Quick: 6473349e43b9271a8d43839d9ba1c442ed1b7ac4
  shared: 595ca9fb88595314adbe6e3a495b5df24f86577b

PODFILE CHECKSUM: ce21ae1f8d3e4cd94626cc61ef5bb2069be53acc

COCOAPODS: 1.11.2
