// !$*UTF8*$!
{
	archiveVersion = 1;
	classes = {
	};
	objectVersion = 54;
	objects = {

/* Begin PBXBuildFile section */
		058557BB273AAA24004C7B11 /* Assets.xcassets in Resources */ = {isa = PBXBuildFile; fileRef = 058557BA273AAA24004C7B11 /* Assets.xcassets */; };
		208165AA3A6416E440D11D19 /* libPods-Conjugator.a in Frameworks */ = {isa = PBXBuildFile; fileRef = 200876186702843F8C28E8B0 /* libPods-Conjugator.a */; };
		300FF591297EB33B005DB0A9 /* VerbOutputCellTests.swift in Sources */ = {isa = PBXBuildFile; fileRef = 300FF590297EB33B005DB0A9 /* VerbOutputCellTests.swift */; };
		300FF593297EC0EA005DB0A9 /* VerbOutputItem.swift in Sources */ = {isa = PBXBuildFile; fileRef = 300FF592297EC0EA005DB0A9 /* VerbOutputItem.swift */; };
		300FF596297EF149005DB0A9 /* VerbOutputViewControllerTests.swift in Sources */ = {isa = PBXBuildFile; fileRef = 300FF594297EF128005DB0A9 /* VerbOutputViewControllerTests.swift */; };
		3017F67A2982BAC7007EC62F /* AlertSystemCoordinator.swift in Sources */ = {isa = PBXBuildFile; fileRef = 3017F6782982BAC7007EC62F /* AlertSystemCoordinator.swift */; };
		3017F67B2982BAC7007EC62F /* AlertNamespace.swift in Sources */ = {isa = PBXBuildFile; fileRef = 3017F6792982BAC7007EC62F /* AlertNamespace.swift */; };
		302449EA2969CB36009482B1 /* AppDelegate.swift in Sources */ = {isa = PBXBuildFile; fileRef = 302449E72969CB35009482B1 /* AppDelegate.swift */; };
		302449EC2969CB36009482B1 /* SceneDelegate.swift in Sources */ = {isa = PBXBuildFile; fileRef = 302449E92969CB36009482B1 /* SceneDelegate.swift */; };
		302449F22969CC0F009482B1 /* LaunchScreen.storyboard in Resources */ = {isa = PBXBuildFile; fileRef = 302449F02969CC0F009482B1 /* LaunchScreen.storyboard */; };
		302449F52969CD94009482B1 /* VerbInputNamespace.swift in Sources */ = {isa = PBXBuildFile; fileRef = 302449F42969CD94009482B1 /* VerbInputNamespace.swift */; };
		302449F72969CDB8009482B1 /* VerbInputViewModel.swift in Sources */ = {isa = PBXBuildFile; fileRef = 302449F62969CDB8009482B1 /* VerbInputViewModel.swift */; };
		302449F92969CDC2009482B1 /* VerbInputCoordinator.swift in Sources */ = {isa = PBXBuildFile; fileRef = 302449F82969CDC2009482B1 /* VerbInputCoordinator.swift */; };
		302449FC2969CDE5009482B1 /* VerbInputViewController.swift in Sources */ = {isa = PBXBuildFile; fileRef = 302449FA2969CDE5009482B1 /* VerbInputViewController.swift */; };
		302449FD2969CDE5009482B1 /* VerbInputViewController.xib in Resources */ = {isa = PBXBuildFile; fileRef = 302449FB2969CDE5009482B1 /* VerbInputViewController.xib */; };
		302449FF2969CE3A009482B1 /* AppContext.swift in Sources */ = {isa = PBXBuildFile; fileRef = 302449FE2969CE3A009482B1 /* AppContext.swift */; };
		30244A3C2969F9DF009482B1 /* VerbInputCoordinator+Composition.swift in Sources */ = {isa = PBXBuildFile; fileRef = 30244A3B2969F9DF009482B1 /* VerbInputCoordinator+Composition.swift */; };
		305E2D49296F292D0034D295 /* VerbInputViewControllerTests.swift in Sources */ = {isa = PBXBuildFile; fileRef = 305E2D47296F290E0034D295 /* VerbInputViewControllerTests.swift */; };
		305E2D4C296F307D0034D295 /* UITextFieldMock.swift in Sources */ = {isa = PBXBuildFile; fileRef = 305E2D4B296F307D0034D295 /* UITextFieldMock.swift */; };
		30C551BE29787A3900F0DC6F /* VerbOutputNamespace.swift in Sources */ = {isa = PBXBuildFile; fileRef = 30C551BD29787A3900F0DC6F /* VerbOutputNamespace.swift */; };
		30C551C229787C4600F0DC6F /* VerbOutputViewModel.swift in Sources */ = {isa = PBXBuildFile; fileRef = 30C551C129787C4600F0DC6F /* VerbOutputViewModel.swift */; };
		30C551C429787C9400F0DC6F /* VerbOutputCoordinator.swift in Sources */ = {isa = PBXBuildFile; fileRef = 30C551C329787C9400F0DC6F /* VerbOutputCoordinator.swift */; };
		30C551C729787CB300F0DC6F /* VerbOutputViewController.swift in Sources */ = {isa = PBXBuildFile; fileRef = 30C551C529787CB300F0DC6F /* VerbOutputViewController.swift */; };
		30C551C829787CB300F0DC6F /* VerbOutputViewController.xib in Resources */ = {isa = PBXBuildFile; fileRef = 30C551C629787CB300F0DC6F /* VerbOutputViewController.xib */; };
		30C551CB29787FC500F0DC6F /* VerbOutputCell.swift in Sources */ = {isa = PBXBuildFile; fileRef = 30C551C929787FC500F0DC6F /* VerbOutputCell.swift */; };
		30C551CC29787FC500F0DC6F /* VerbOutputCell.xib in Resources */ = {isa = PBXBuildFile; fileRef = 30C551CA29787FC500F0DC6F /* VerbOutputCell.xib */; };
		30C551D5297888B500F0DC6F /* VerbOutputViewModelTests.swift in Sources */ = {isa = PBXBuildFile; fileRef = 30C551D4297888B500F0DC6F /* VerbOutputViewModelTests.swift */; };
		30CBCA5E29869A440080EB45 /* ConjugateEvent.swift in Sources */ = {isa = PBXBuildFile; fileRef = 30CBCA5D29869A440080EB45 /* ConjugateEvent.swift */; };
		30CBCA632986A22E0080EB45 /* AppConfiguration.swift in Sources */ = {isa = PBXBuildFile; fileRef = 30CBCA622986A22E0080EB45 /* AppConfiguration.swift */; };
		30CBCA682986CF660080EB45 /* AnalyticsStub.swift in Sources */ = {isa = PBXBuildFile; fileRef = 30CBCA672986CF660080EB45 /* AnalyticsStub.swift */; };
		30D024CF2985C1B20032DBB0 /* GoogleService-Info.plist in Resources */ = {isa = PBXBuildFile; fileRef = 30D024CE2985C1B20032DBB0 /* GoogleService-Info.plist */; };
		30D024D32985F0410032DBB0 /* Strings.strings in Resources */ = {isa = PBXBuildFile; fileRef = 30D024D22985F0410032DBB0 /* Strings.strings */; };
		30D024D72985F15B0032DBB0 /* Analytics.swift in Sources */ = {isa = PBXBuildFile; fileRef = 30D024D62985F15B0032DBB0 /* Analytics.swift */; };
		30D024D92985F19E0032DBB0 /* Event.swift in Sources */ = {isa = PBXBuildFile; fileRef = 30D024D82985F19E0032DBB0 /* Event.swift */; };
		30D024DB2985F1FE0032DBB0 /* FirebaseAnalytics.swift in Sources */ = {isa = PBXBuildFile; fileRef = 30D024DA2985F1FE0032DBB0 /* FirebaseAnalytics.swift */; };
		30D024DE2985F2D20032DBB0 /* StringsProvider.swift in Sources */ = {isa = PBXBuildFile; fileRef = 30D024DD2985F2D20032DBB0 /* StringsProvider.swift */; };
		30D7BAD72987F20900B0950F /* ErrorEvent.swift in Sources */ = {isa = PBXBuildFile; fileRef = 30D7BAD62987F20900B0950F /* ErrorEvent.swift */; };
		30E3A161296C1DEE00E91149 /* VerbInputViewModelTests.swift in Sources */ = {isa = PBXBuildFile; fileRef = 30E3A160296C1DEE00E91149 /* VerbInputViewModelTests.swift */; };
		30FDD6C0297960570032C6D2 /* AppCoordinator.swift in Sources */ = {isa = PBXBuildFile; fileRef = 30FDD6BF297960570032C6D2 /* AppCoordinator.swift */; };
		30FDD6C229798A320032C6D2 /* AppCoordinator+Composition.swift in Sources */ = {isa = PBXBuildFile; fileRef = 30FDD6C129798A320032C6D2 /* AppCoordinator+Composition.swift */; };
		30FDD6C42979C9220032C6D2 /* VerbOutputCoordinator+Composition.swift in Sources */ = {isa = PBXBuildFile; fileRef = 30FDD6C32979C9220032C6D2 /* VerbOutputCoordinator+Composition.swift */; };
		5574D06A8D1DCEADC345CE33 /* libPods-ConjugatorTests.a in Frameworks */ = {isa = PBXBuildFile; fileRef = AA0F0E7CBC6DBDDE4C7F91DC /* libPods-ConjugatorTests.a */; };
/* End PBXBuildFile section */

/* Begin PBXContainerItemProxy section */
		30E3A15B296C1DC400E91149 /* PBXContainerItemProxy */ = {
			isa = PBXContainerItemProxy;
			containerPortal = 7555FF73242A565900829871 /* Project object */;
			proxyType = 1;
			remoteGlobalIDString = 7555FF7A242A565900829871;
			remoteInfo = iosApp;
		};
/* End PBXContainerItemProxy section */

/* Begin PBXFileReference section */
		058557BA273AAA24004C7B11 /* Assets.xcassets */ = {isa = PBXFileReference; lastKnownFileType = folder.assetcatalog; path = Assets.xcassets; sourceTree = "<group>"; };
		0E14EE8F74F4DECE79C87A79 /* Pods-iosAppTests.debug.xcconfig */ = {isa = PBXFileReference; includeInIndex = 1; lastKnownFileType = text.xcconfig; name = "Pods-iosAppTests.debug.xcconfig"; path = "Target Support Files/Pods-iosAppTests/Pods-iosAppTests.debug.xcconfig"; sourceTree = "<group>"; };
		181FF72EA1CF382F18A4D2E0 /* Pods-ConjugatorTests.release.xcconfig */ = {isa = PBXFileReference; includeInIndex = 1; lastKnownFileType = text.xcconfig; name = "Pods-ConjugatorTests.release.xcconfig"; path = "Target Support Files/Pods-ConjugatorTests/Pods-ConjugatorTests.release.xcconfig"; sourceTree = "<group>"; };
		1A1131FCDEA38092947DBA95 /* Pods-iosApp.release.xcconfig */ = {isa = PBXFileReference; includeInIndex = 1; lastKnownFileType = text.xcconfig; name = "Pods-iosApp.release.xcconfig"; path = "Target Support Files/Pods-iosApp/Pods-iosApp.release.xcconfig"; sourceTree = "<group>"; };
		200876186702843F8C28E8B0 /* libPods-Conjugator.a */ = {isa = PBXFileReference; explicitFileType = archive.ar; includeInIndex = 0; path = "libPods-Conjugator.a"; sourceTree = BUILT_PRODUCTS_DIR; };
		300FF590297EB33B005DB0A9 /* VerbOutputCellTests.swift */ = {isa = PBXFileReference; lastKnownFileType = sourcecode.swift; path = VerbOutputCellTests.swift; sourceTree = "<group>"; };
		300FF592297EC0EA005DB0A9 /* VerbOutputItem.swift */ = {isa = PBXFileReference; lastKnownFileType = sourcecode.swift; path = VerbOutputItem.swift; sourceTree = "<group>"; };
		300FF594297EF128005DB0A9 /* VerbOutputViewControllerTests.swift */ = {isa = PBXFileReference; lastKnownFileType = sourcecode.swift; path = VerbOutputViewControllerTests.swift; sourceTree = "<group>"; };
		3017F6782982BAC7007EC62F /* AlertSystemCoordinator.swift */ = {isa = PBXFileReference; fileEncoding = 4; lastKnownFileType = sourcecode.swift; path = AlertSystemCoordinator.swift; sourceTree = "<group>"; };
		3017F6792982BAC7007EC62F /* AlertNamespace.swift */ = {isa = PBXFileReference; fileEncoding = 4; lastKnownFileType = sourcecode.swift; path = AlertNamespace.swift; sourceTree = "<group>"; };
		302449E72969CB35009482B1 /* AppDelegate.swift */ = {isa = PBXFileReference; fileEncoding = 4; lastKnownFileType = sourcecode.swift; path = AppDelegate.swift; sourceTree = "<group>"; };
		302449E92969CB36009482B1 /* SceneDelegate.swift */ = {isa = PBXFileReference; fileEncoding = 4; lastKnownFileType = sourcecode.swift; path = SceneDelegate.swift; sourceTree = "<group>"; };
		302449F12969CC0F009482B1 /* Base */ = {isa = PBXFileReference; lastKnownFileType = file.storyboard; name = Base; path = Base.lproj/LaunchScreen.storyboard; sourceTree = "<group>"; };
		302449F42969CD94009482B1 /* VerbInputNamespace.swift */ = {isa = PBXFileReference; lastKnownFileType = sourcecode.swift; path = VerbInputNamespace.swift; sourceTree = "<group>"; };
		302449F62969CDB8009482B1 /* VerbInputViewModel.swift */ = {isa = PBXFileReference; lastKnownFileType = sourcecode.swift; path = VerbInputViewModel.swift; sourceTree = "<group>"; };
		302449F82969CDC2009482B1 /* VerbInputCoordinator.swift */ = {isa = PBXFileReference; lastKnownFileType = sourcecode.swift; path = VerbInputCoordinator.swift; sourceTree = "<group>"; };
		302449FA2969CDE5009482B1 /* VerbInputViewController.swift */ = {isa = PBXFileReference; lastKnownFileType = sourcecode.swift; path = VerbInputViewController.swift; sourceTree = "<group>"; };
		302449FB2969CDE5009482B1 /* VerbInputViewController.xib */ = {isa = PBXFileReference; lastKnownFileType = file.xib; path = VerbInputViewController.xib; sourceTree = "<group>"; };
		302449FE2969CE3A009482B1 /* AppContext.swift */ = {isa = PBXFileReference; lastKnownFileType = sourcecode.swift; path = AppContext.swift; sourceTree = "<group>"; };
		30244A3B2969F9DF009482B1 /* VerbInputCoordinator+Composition.swift */ = {isa = PBXFileReference; lastKnownFileType = sourcecode.swift; path = "VerbInputCoordinator+Composition.swift"; sourceTree = "<group>"; };
		305E2D47296F290E0034D295 /* VerbInputViewControllerTests.swift */ = {isa = PBXFileReference; lastKnownFileType = sourcecode.swift; path = VerbInputViewControllerTests.swift; sourceTree = "<group>"; };
		305E2D4B296F307D0034D295 /* UITextFieldMock.swift */ = {isa = PBXFileReference; lastKnownFileType = sourcecode.swift; path = UITextFieldMock.swift; sourceTree = "<group>"; };
		30C551BD29787A3900F0DC6F /* VerbOutputNamespace.swift */ = {isa = PBXFileReference; lastKnownFileType = sourcecode.swift; path = VerbOutputNamespace.swift; sourceTree = "<group>"; };
		30C551C129787C4600F0DC6F /* VerbOutputViewModel.swift */ = {isa = PBXFileReference; lastKnownFileType = sourcecode.swift; path = VerbOutputViewModel.swift; sourceTree = "<group>"; };
		30C551C329787C9400F0DC6F /* VerbOutputCoordinator.swift */ = {isa = PBXFileReference; lastKnownFileType = sourcecode.swift; path = VerbOutputCoordinator.swift; sourceTree = "<group>"; };
		30C551C529787CB300F0DC6F /* VerbOutputViewController.swift */ = {isa = PBXFileReference; lastKnownFileType = sourcecode.swift; path = VerbOutputViewController.swift; sourceTree = "<group>"; };
		30C551C629787CB300F0DC6F /* VerbOutputViewController.xib */ = {isa = PBXFileReference; lastKnownFileType = file.xib; path = VerbOutputViewController.xib; sourceTree = "<group>"; };
		30C551C929787FC500F0DC6F /* VerbOutputCell.swift */ = {isa = PBXFileReference; lastKnownFileType = sourcecode.swift; path = VerbOutputCell.swift; sourceTree = "<group>"; };
		30C551CA29787FC500F0DC6F /* VerbOutputCell.xib */ = {isa = PBXFileReference; lastKnownFileType = file.xib; path = VerbOutputCell.xib; sourceTree = "<group>"; };
		30C551D4297888B500F0DC6F /* VerbOutputViewModelTests.swift */ = {isa = PBXFileReference; lastKnownFileType = sourcecode.swift; path = VerbOutputViewModelTests.swift; sourceTree = "<group>"; };
		30CBCA5D29869A440080EB45 /* ConjugateEvent.swift */ = {isa = PBXFileReference; lastKnownFileType = sourcecode.swift; path = ConjugateEvent.swift; sourceTree = "<group>"; };
		30CBCA622986A22E0080EB45 /* AppConfiguration.swift */ = {isa = PBXFileReference; lastKnownFileType = sourcecode.swift; path = AppConfiguration.swift; sourceTree = "<group>"; };
		30CBCA672986CF660080EB45 /* AnalyticsStub.swift */ = {isa = PBXFileReference; lastKnownFileType = sourcecode.swift; path = AnalyticsStub.swift; sourceTree = "<group>"; };
		30D024CE2985C1B20032DBB0 /* GoogleService-Info.plist */ = {isa = PBXFileReference; fileEncoding = 4; lastKnownFileType = text.plist.xml; path = "GoogleService-Info.plist"; sourceTree = "<group>"; };
		30D024D22985F0410032DBB0 /* Strings.strings */ = {isa = PBXFileReference; lastKnownFileType = text.plist.strings; path = Strings.strings; sourceTree = "<group>"; };
		30D024D62985F15B0032DBB0 /* Analytics.swift */ = {isa = PBXFileReference; lastKnownFileType = sourcecode.swift; path = Analytics.swift; sourceTree = "<group>"; };
		30D024D82985F19E0032DBB0 /* Event.swift */ = {isa = PBXFileReference; lastKnownFileType = sourcecode.swift; path = Event.swift; sourceTree = "<group>"; };
		30D024DA2985F1FE0032DBB0 /* FirebaseAnalytics.swift */ = {isa = PBXFileReference; lastKnownFileType = sourcecode.swift; path = FirebaseAnalytics.swift; sourceTree = "<group>"; };
		30D024DD2985F2D20032DBB0 /* StringsProvider.swift */ = {isa = PBXFileReference; lastKnownFileType = sourcecode.swift; path = StringsProvider.swift; sourceTree = "<group>"; };
		30D7BAD62987F20900B0950F /* ErrorEvent.swift */ = {isa = PBXFileReference; lastKnownFileType = sourcecode.swift; path = ErrorEvent.swift; sourceTree = "<group>"; };
		30E3A157296C1DC400E91149 /* ConjugatorTests.xctest */ = {isa = PBXFileReference; explicitFileType = wrapper.cfbundle; includeInIndex = 0; path = ConjugatorTests.xctest; sourceTree = BUILT_PRODUCTS_DIR; };
		30E3A160296C1DEE00E91149 /* VerbInputViewModelTests.swift */ = {isa = PBXFileReference; lastKnownFileType = sourcecode.swift; path = VerbInputViewModelTests.swift; sourceTree = "<group>"; };
		30FDD6BF297960570032C6D2 /* AppCoordinator.swift */ = {isa = PBXFileReference; lastKnownFileType = sourcecode.swift; path = AppCoordinator.swift; sourceTree = "<group>"; };
		30FDD6C129798A320032C6D2 /* AppCoordinator+Composition.swift */ = {isa = PBXFileReference; lastKnownFileType = sourcecode.swift; path = "AppCoordinator+Composition.swift"; sourceTree = "<group>"; };
		30FDD6C32979C9220032C6D2 /* VerbOutputCoordinator+Composition.swift */ = {isa = PBXFileReference; lastKnownFileType = sourcecode.swift; path = "VerbOutputCoordinator+Composition.swift"; sourceTree = "<group>"; };
		40132C4F6524962A76B37561 /* Pods-Conjugator.release.xcconfig */ = {isa = PBXFileReference; includeInIndex = 1; lastKnownFileType = text.xcconfig; name = "Pods-Conjugator.release.xcconfig"; path = "Target Support Files/Pods-Conjugator/Pods-Conjugator.release.xcconfig"; sourceTree = "<group>"; };
		6638715715521A1464597B9C /* Pods-ConjugatorTests.debug.xcconfig */ = {isa = PBXFileReference; includeInIndex = 1; lastKnownFileType = text.xcconfig; name = "Pods-ConjugatorTests.debug.xcconfig"; path = "Target Support Files/Pods-ConjugatorTests/Pods-ConjugatorTests.debug.xcconfig"; sourceTree = "<group>"; };
		69DDFBF6815D880D90E0D0E2 /* Pods-Conjugator.debug.xcconfig */ = {isa = PBXFileReference; includeInIndex = 1; lastKnownFileType = text.xcconfig; name = "Pods-Conjugator.debug.xcconfig"; path = "Target Support Files/Pods-Conjugator/Pods-Conjugator.debug.xcconfig"; sourceTree = "<group>"; };
		7555FF7B242A565900829871 /* Conjugator.app */ = {isa = PBXFileReference; explicitFileType = wrapper.application; includeInIndex = 0; path = Conjugator.app; sourceTree = BUILT_PRODUCTS_DIR; };
		7555FF8C242A565B00829871 /* Info.plist */ = {isa = PBXFileReference; lastKnownFileType = text.plist.xml; path = Info.plist; sourceTree = "<group>"; };
		7A055BC1D591A74F8D33BD93 /* Pods-iosApp.debug.xcconfig */ = {isa = PBXFileReference; includeInIndex = 1; lastKnownFileType = text.xcconfig; name = "Pods-iosApp.debug.xcconfig"; path = "Target Support Files/Pods-iosApp/Pods-iosApp.debug.xcconfig"; sourceTree = "<group>"; };
		824D37F9855007AE96DFB4BE /* Pods-iosAppTests.release.xcconfig */ = {isa = PBXFileReference; includeInIndex = 1; lastKnownFileType = text.xcconfig; name = "Pods-iosAppTests.release.xcconfig"; path = "Target Support Files/Pods-iosAppTests/Pods-iosAppTests.release.xcconfig"; sourceTree = "<group>"; };
		AA0F0E7CBC6DBDDE4C7F91DC /* libPods-ConjugatorTests.a */ = {isa = PBXFileReference; explicitFileType = archive.ar; includeInIndex = 0; path = "libPods-ConjugatorTests.a"; sourceTree = BUILT_PRODUCTS_DIR; };
/* End PBXFileReference section */

/* Begin PBXFrameworksBuildPhase section */
		30E3A154296C1DC400E91149 /* Frameworks */ = {
			isa = PBXFrameworksBuildPhase;
			buildActionMask = 2147483647;
			files = (
				5574D06A8D1DCEADC345CE33 /* libPods-ConjugatorTests.a in Frameworks */,
			);
			runOnlyForDeploymentPostprocessing = 0;
		};
		7F96B35AC8BD2540AB499D9A /* Frameworks */ = {
			isa = PBXFrameworksBuildPhase;
			buildActionMask = 2147483647;
			files = (
				208165AA3A6416E440D11D19 /* libPods-Conjugator.a in Frameworks */,
			);
			runOnlyForDeploymentPostprocessing = 0;
		};
/* End PBXFrameworksBuildPhase section */

/* Begin PBXGroup section */
		3017F6772982BAC7007EC62F /* Alert */ = {
			isa = PBXGroup;
			children = (
				3017F6782982BAC7007EC62F /* AlertSystemCoordinator.swift */,
				3017F6792982BAC7007EC62F /* AlertNamespace.swift */,
			);
			path = Alert;
			sourceTree = "<group>";
		};
		302449F32969CD7E009482B1 /* VerbInput */ = {
			isa = PBXGroup;
			children = (
				302449F42969CD94009482B1 /* VerbInputNamespace.swift */,
				302449F82969CDC2009482B1 /* VerbInputCoordinator.swift */,
				302449F62969CDB8009482B1 /* VerbInputViewModel.swift */,
				30E3A160296C1DEE00E91149 /* VerbInputViewModelTests.swift */,
				302449FA2969CDE5009482B1 /* VerbInputViewController.swift */,
				305E2D47296F290E0034D295 /* VerbInputViewControllerTests.swift */,
				302449FB2969CDE5009482B1 /* VerbInputViewController.xib */,
			);
			path = VerbInput;
			sourceTree = "<group>";
		};
		305E2D4A296F30680034D295 /* Mocks */ = {
			isa = PBXGroup;
			children = (
				305E2D4B296F307D0034D295 /* UITextFieldMock.swift */,
			);
			path = Mocks;
			sourceTree = "<group>";
		};
		30C551BB29787A1800F0DC6F /* VerbOutput */ = {
			isa = PBXGroup;
			children = (
				30C551BD29787A3900F0DC6F /* VerbOutputNamespace.swift */,
				300FF592297EC0EA005DB0A9 /* VerbOutputItem.swift */,
				30C551C329787C9400F0DC6F /* VerbOutputCoordinator.swift */,
				30C551C129787C4600F0DC6F /* VerbOutputViewModel.swift */,
				30C551D4297888B500F0DC6F /* VerbOutputViewModelTests.swift */,
				30C551C529787CB300F0DC6F /* VerbOutputViewController.swift */,
				300FF594297EF128005DB0A9 /* VerbOutputViewControllerTests.swift */,
				30C551C629787CB300F0DC6F /* VerbOutputViewController.xib */,
				30C551CD29787FCD00F0DC6F /* VerbOutputCell */,
			);
			path = VerbOutput;
			sourceTree = "<group>";
		};
		30C551CD29787FCD00F0DC6F /* VerbOutputCell */ = {
			isa = PBXGroup;
			children = (
				30C551C929787FC500F0DC6F /* VerbOutputCell.swift */,
				300FF590297EB33B005DB0A9 /* VerbOutputCellTests.swift */,
				30C551CA29787FC500F0DC6F /* VerbOutputCell.xib */,
			);
			path = VerbOutputCell;
			sourceTree = "<group>";
		};
		30CBCA5C29869A320080EB45 /* Events */ = {
			isa = PBXGroup;
			children = (
				30CBCA5D29869A440080EB45 /* ConjugateEvent.swift */,
				30D7BAD62987F20900B0950F /* ErrorEvent.swift */,
			);
			path = Events;
			sourceTree = "<group>";
		};
		30CBCA5F2986A0E30080EB45 /* Composition */ = {
			isa = PBXGroup;
			children = (
				30FDD6C129798A320032C6D2 /* AppCoordinator+Composition.swift */,
				30CBCA612986A1220080EB45 /* VervOutput */,
				30CBCA602986A1020080EB45 /* VerbInput */,
			);
			path = Composition;
			sourceTree = "<group>";
		};
		30CBCA602986A1020080EB45 /* VerbInput */ = {
			isa = PBXGroup;
			children = (
				30244A3B2969F9DF009482B1 /* VerbInputCoordinator+Composition.swift */,
			);
			path = VerbInput;
			sourceTree = "<group>";
		};
		30CBCA612986A1220080EB45 /* VervOutput */ = {
			isa = PBXGroup;
			children = (
				30FDD6C32979C9220032C6D2 /* VerbOutputCoordinator+Composition.swift */,
			);
			path = VervOutput;
			sourceTree = "<group>";
		};
		30D024D42985F12D0032DBB0 /* Services */ = {
			isa = PBXGroup;
			children = (
				30D024DC2985F2C50032DBB0 /* StringsProvider */,
				30D024D52985F1390032DBB0 /* Analytics */,
			);
			path = Services;
			sourceTree = "<group>";
		};
		30D024D52985F1390032DBB0 /* Analytics */ = {
			isa = PBXGroup;
			children = (
				30D024D62985F15B0032DBB0 /* Analytics.swift */,
				30CBCA672986CF660080EB45 /* AnalyticsStub.swift */,
				30D024DA2985F1FE0032DBB0 /* FirebaseAnalytics.swift */,
				30D024D82985F19E0032DBB0 /* Event.swift */,
			);
			path = Analytics;
			sourceTree = "<group>";
		};
		30D024DC2985F2C50032DBB0 /* StringsProvider */ = {
			isa = PBXGroup;
			children = (
				30D024DD2985F2D20032DBB0 /* StringsProvider.swift */,
			);
			path = StringsProvider;
			sourceTree = "<group>";
		};
		30E3A158296C1DC400E91149 /* iosAppTests */ = {
			isa = PBXGroup;
			children = (
				305E2D4A296F30680034D295 /* Mocks */,
			);
			path = iosAppTests;
			sourceTree = "<group>";
		};
		7555FF72242A565900829871 = {
			isa = PBXGroup;
			children = (
				7555FF7D242A565900829871 /* iosApp */,
				30E3A158296C1DC400E91149 /* iosAppTests */,
				7555FF7C242A565900829871 /* Products */,
				9C2F72E72E61D04B73591CAC /* Pods */,
				E8479B2ED0697519D0C2F1E7 /* Frameworks */,
			);
			sourceTree = "<group>";
		};
		7555FF7C242A565900829871 /* Products */ = {
			isa = PBXGroup;
			children = (
				7555FF7B242A565900829871 /* Conjugator.app */,
				30E3A157296C1DC400E91149 /* ConjugatorTests.xctest */,
			);
			name = Products;
			sourceTree = "<group>";
		};
		7555FF7D242A565900829871 /* iosApp */ = {
			isa = PBXGroup;
			children = (
				30D024D42985F12D0032DBB0 /* Services */,
				30CBCA5C29869A320080EB45 /* Events */,
				30C551BB29787A1800F0DC6F /* VerbOutput */,
				302449F32969CD7E009482B1 /* VerbInput */,
				30CBCA5F2986A0E30080EB45 /* Composition */,
				302449E72969CB35009482B1 /* AppDelegate.swift */,
				30CBCA622986A22E0080EB45 /* AppConfiguration.swift */,
				302449E92969CB36009482B1 /* SceneDelegate.swift */,
				302449FE2969CE3A009482B1 /* AppContext.swift */,
				30FDD6BF297960570032C6D2 /* AppCoordinator.swift */,
				302449F02969CC0F009482B1 /* LaunchScreen.storyboard */,
				3017F6772982BAC7007EC62F /* Alert */,
				058557BA273AAA24004C7B11 /* Assets.xcassets */,
				7555FF8C242A565B00829871 /* Info.plist */,
				30D024CE2985C1B20032DBB0 /* GoogleService-Info.plist */,
				30D024D22985F0410032DBB0 /* Strings.strings */,
			);
			path = iosApp;
			sourceTree = "<group>";
		};
		9C2F72E72E61D04B73591CAC /* Pods */ = {
			isa = PBXGroup;
			children = (
				7A055BC1D591A74F8D33BD93 /* Pods-iosApp.debug.xcconfig */,
				1A1131FCDEA38092947DBA95 /* Pods-iosApp.release.xcconfig */,
				0E14EE8F74F4DECE79C87A79 /* Pods-iosAppTests.debug.xcconfig */,
				824D37F9855007AE96DFB4BE /* Pods-iosAppTests.release.xcconfig */,
				69DDFBF6815D880D90E0D0E2 /* Pods-Conjugator.debug.xcconfig */,
				40132C4F6524962A76B37561 /* Pods-Conjugator.release.xcconfig */,
				6638715715521A1464597B9C /* Pods-ConjugatorTests.debug.xcconfig */,
				181FF72EA1CF382F18A4D2E0 /* Pods-ConjugatorTests.release.xcconfig */,
			);
			path = Pods;
			sourceTree = "<group>";
		};
		E8479B2ED0697519D0C2F1E7 /* Frameworks */ = {
			isa = PBXGroup;
			children = (
				200876186702843F8C28E8B0 /* libPods-Conjugator.a */,
				AA0F0E7CBC6DBDDE4C7F91DC /* libPods-ConjugatorTests.a */,
			);
			name = Frameworks;
			sourceTree = "<group>";
		};
/* End PBXGroup section */

/* Begin PBXNativeTarget section */
		30E3A156296C1DC400E91149 /* ConjugatorTests */ = {
			isa = PBXNativeTarget;
			buildConfigurationList = 30E3A15F296C1DC400E91149 /* Build configuration list for PBXNativeTarget "ConjugatorTests" */;
			buildPhases = (
				31FAC27E153AF992587C6DA5 /* [CP] Check Pods Manifest.lock */,
				30E3A153296C1DC400E91149 /* Sources */,
				30E3A154296C1DC400E91149 /* Frameworks */,
				30E3A155296C1DC400E91149 /* Resources */,
			);
			buildRules = (
			);
			dependencies = (
				30E3A15C296C1DC400E91149 /* PBXTargetDependency */,
			);
			name = ConjugatorTests;
			productName = iosAppTests;
			productReference = 30E3A157296C1DC400E91149 /* ConjugatorTests.xctest */;
			productType = "com.apple.product-type.bundle.unit-test";
		};
		7555FF7A242A565900829871 /* Conjugator */ = {
			isa = PBXNativeTarget;
			buildConfigurationList = 7555FFA5242A565B00829871 /* Build configuration list for PBXNativeTarget "Conjugator" */;
			buildPhases = (
				5C557FDE9304A846F9310C8F /* [CP] Check Pods Manifest.lock */,
				7555FF77242A565900829871 /* Sources */,
				7555FF79242A565900829871 /* Resources */,
				7F96B35AC8BD2540AB499D9A /* Frameworks */,
				30CBCA692986D95C0080EB45 /* Crashlytics */,
				5EF19C296C0C770C9195C66C /* [CP] Embed Pods Frameworks */,
			);
			buildRules = (
			);
			dependencies = (
			);
			name = Conjugator;
			productName = iosApp;
			productReference = 7555FF7B242A565900829871 /* Conjugator.app */;
			productType = "com.apple.product-type.application";
		};
/* End PBXNativeTarget section */

/* Begin PBXProject section */
		7555FF73242A565900829871 /* Project object */ = {
			isa = PBXProject;
			attributes = {
				LastSwiftUpdateCheck = 1420;
				LastUpgradeCheck = 1130;
				ORGANIZATIONNAME = orgName;
				TargetAttributes = {
					30E3A156296C1DC400E91149 = {
						CreatedOnToolsVersion = 14.2;
						TestTargetID = 7555FF7A242A565900829871;
					};
					7555FF7A242A565900829871 = {
						CreatedOnToolsVersion = 11.3.1;
						LastSwiftMigration = 1420;
					};
				};
			};
			buildConfigurationList = 7555FF76242A565900829871 /* Build configuration list for PBXProject "Conjugator" */;
			compatibilityVersion = "Xcode 9.3";
			developmentRegion = en;
			hasScannedForEncodings = 0;
			knownRegions = (
				en,
				Base,
			);
			mainGroup = 7555FF72242A565900829871;
			productRefGroup = 7555FF7C242A565900829871 /* Products */;
			projectDirPath = "";
			projectRoot = "";
			targets = (
				7555FF7A242A565900829871 /* Conjugator */,
				30E3A156296C1DC400E91149 /* ConjugatorTests */,
			);
		};
/* End PBXProject section */

/* Begin PBXResourcesBuildPhase section */
		30E3A155296C1DC400E91149 /* Resources */ = {
			isa = PBXResourcesBuildPhase;
			buildActionMask = 2147483647;
			files = (
			);
			runOnlyForDeploymentPostprocessing = 0;
		};
		7555FF79242A565900829871 /* Resources */ = {
			isa = PBXResourcesBuildPhase;
			buildActionMask = 2147483647;
			files = (
				30C551C829787CB300F0DC6F /* VerbOutputViewController.xib in Resources */,
				302449F22969CC0F009482B1 /* LaunchScreen.storyboard in Resources */,
				30C551CC29787FC500F0DC6F /* VerbOutputCell.xib in Resources */,
				302449FD2969CDE5009482B1 /* VerbInputViewController.xib in Resources */,
				30D024D32985F0410032DBB0 /* Strings.strings in Resources */,
				058557BB273AAA24004C7B11 /* Assets.xcassets in Resources */,
				30D024CF2985C1B20032DBB0 /* GoogleService-Info.plist in Resources */,
			);
			runOnlyForDeploymentPostprocessing = 0;
		};
/* End PBXResourcesBuildPhase section */

/* Begin PBXShellScriptBuildPhase section */
		30CBCA692986D95C0080EB45 /* Crashlytics */ = {
			isa = PBXShellScriptBuildPhase;
			alwaysOutOfDate = 1;
			buildActionMask = 2147483647;
			files = (
			);
			inputFileListPaths = (
			);
			inputPaths = (
				"${DWARF_DSYM_FOLDER_PATH}/${DWARF_DSYM_FILE_NAME}/Contents/Resources/DWARF/${TARGET_NAME}",
				"$(SRCROOT)/$(BUILT_PRODUCTS_DIR)/$(INFOPLIST_PATH)",
			);
			name = Crashlytics;
			outputFileListPaths = (
			);
			outputPaths = (
			);
			runOnlyForDeploymentPostprocessing = 0;
			shellPath = /bin/sh;
			shellScript = "# Type a script or drag a script file from your workspace to insert its path.\n\"${PODS_ROOT}/FirebaseCrashlytics/run\"\n";
		};
		31FAC27E153AF992587C6DA5 /* [CP] Check Pods Manifest.lock */ = {
			isa = PBXShellScriptBuildPhase;
			alwaysOutOfDate = 1;
			buildActionMask = 2147483647;
			files = (
			);
			inputFileListPaths = (
			);
			inputPaths = (
				"${PODS_PODFILE_DIR_PATH}/Podfile.lock",
				"${PODS_ROOT}/Manifest.lock",
			);
			name = "[CP] Check Pods Manifest.lock";
			outputFileListPaths = (
			);
			outputPaths = (
				"$(DERIVED_FILE_DIR)/Pods-ConjugatorTests-checkManifestLockResult.txt",
			);
			runOnlyForDeploymentPostprocessing = 0;
			shellPath = /bin/sh;
			shellScript = "diff \"${PODS_PODFILE_DIR_PATH}/Podfile.lock\" \"${PODS_ROOT}/Manifest.lock\" > /dev/null\nif [ $? != 0 ] ; then\n    # print error to STDERR\n    echo \"error: The sandbox is not in sync with the Podfile.lock. Run 'pod install' or update your CocoaPods installation.\" >&2\n    exit 1\nfi\n# This output is used by Xcode 'outputs' to avoid re-running this script phase.\necho \"SUCCESS\" > \"${SCRIPT_OUTPUT_FILE_0}\"\n";
			showEnvVarsInLog = 0;
		};
		5C557FDE9304A846F9310C8F /* [CP] Check Pods Manifest.lock */ = {
			isa = PBXShellScriptBuildPhase;
			alwaysOutOfDate = 1;
			buildActionMask = 2147483647;
			files = (
			);
			inputFileListPaths = (
			);
			inputPaths = (
				"${PODS_PODFILE_DIR_PATH}/Podfile.lock",
				"${PODS_ROOT}/Manifest.lock",
			);
			name = "[CP] Check Pods Manifest.lock";
			outputFileListPaths = (
			);
			outputPaths = (
				"$(DERIVED_FILE_DIR)/Pods-Conjugator-checkManifestLockResult.txt",
			);
			runOnlyForDeploymentPostprocessing = 0;
			shellPath = /bin/sh;
			shellScript = "diff \"${PODS_PODFILE_DIR_PATH}/Podfile.lock\" \"${PODS_ROOT}/Manifest.lock\" > /dev/null\nif [ $? != 0 ] ; then\n    # print error to STDERR\n    echo \"error: The sandbox is not in sync with the Podfile.lock. Run 'pod install' or update your CocoaPods installation.\" >&2\n    exit 1\nfi\n# This output is used by Xcode 'outputs' to avoid re-running this script phase.\necho \"SUCCESS\" > \"${SCRIPT_OUTPUT_FILE_0}\"\n";
			showEnvVarsInLog = 0;
		};
		5EF19C296C0C770C9195C66C /* [CP] Embed Pods Frameworks */ = {
			isa = PBXShellScriptBuildPhase;
			alwaysOutOfDate = 1;
			buildActionMask = 2147483647;
			files = (
			);
			inputFileListPaths = (
			);
			name = "[CP] Embed Pods Frameworks";
			outputFileListPaths = (
			);
			runOnlyForDeploymentPostprocessing = 0;
			shellPath = /bin/sh;
			shellScript = "\"${PODS_ROOT}/Target Support Files/Pods-Conjugator/Pods-Conjugator-frameworks.sh\"\n";
			showEnvVarsInLog = 0;
		};
/* End PBXShellScriptBuildPhase section */

/* Begin PBXSourcesBuildPhase section */
		30E3A153296C1DC400E91149 /* Sources */ = {
			isa = PBXSourcesBuildPhase;
			buildActionMask = 2147483647;
			files = (
				300FF596297EF149005DB0A9 /* VerbOutputViewControllerTests.swift in Sources */,
				300FF591297EB33B005DB0A9 /* VerbOutputCellTests.swift in Sources */,
				30E3A161296C1DEE00E91149 /* VerbInputViewModelTests.swift in Sources */,
				30C551D5297888B500F0DC6F /* VerbOutputViewModelTests.swift in Sources */,
				305E2D4C296F307D0034D295 /* UITextFieldMock.swift in Sources */,
				305E2D49296F292D0034D295 /* VerbInputViewControllerTests.swift in Sources */,
			);
			runOnlyForDeploymentPostprocessing = 0;
		};
		7555FF77242A565900829871 /* Sources */ = {
			isa = PBXSourcesBuildPhase;
			buildActionMask = 2147483647;
			files = (
				302449F92969CDC2009482B1 /* VerbInputCoordinator.swift in Sources */,
				302449FF2969CE3A009482B1 /* AppContext.swift in Sources */,
				30FDD6C42979C9220032C6D2 /* VerbOutputCoordinator+Composition.swift in Sources */,
				30C551C229787C4600F0DC6F /* VerbOutputViewModel.swift in Sources */,
				30D024D72985F15B0032DBB0 /* Analytics.swift in Sources */,
				302449F72969CDB8009482B1 /* VerbInputViewModel.swift in Sources */,
				300FF593297EC0EA005DB0A9 /* VerbOutputItem.swift in Sources */,
				30C551BE29787A3900F0DC6F /* VerbOutputNamespace.swift in Sources */,
				3017F67A2982BAC7007EC62F /* AlertSystemCoordinator.swift in Sources */,
				30C551C429787C9400F0DC6F /* VerbOutputCoordinator.swift in Sources */,
				302449F52969CD94009482B1 /* VerbInputNamespace.swift in Sources */,
				30D024D92985F19E0032DBB0 /* Event.swift in Sources */,
				30CBCA632986A22E0080EB45 /* AppConfiguration.swift in Sources */,
				302449EA2969CB36009482B1 /* AppDelegate.swift in Sources */,
				30CBCA682986CF660080EB45 /* AnalyticsStub.swift in Sources */,
				3017F67B2982BAC7007EC62F /* AlertNamespace.swift in Sources */,
				30C551C729787CB300F0DC6F /* VerbOutputViewController.swift in Sources */,
				30C551CB29787FC500F0DC6F /* VerbOutputCell.swift in Sources */,
				302449EC2969CB36009482B1 /* SceneDelegate.swift in Sources */,
				30CBCA5E29869A440080EB45 /* ConjugateEvent.swift in Sources */,
				30FDD6C0297960570032C6D2 /* AppCoordinator.swift in Sources */,
				302449FC2969CDE5009482B1 /* VerbInputViewController.swift in Sources */,
				30FDD6C229798A320032C6D2 /* AppCoordinator+Composition.swift in Sources */,
				30D024DE2985F2D20032DBB0 /* StringsProvider.swift in Sources */,
				30D024DB2985F1FE0032DBB0 /* FirebaseAnalytics.swift in Sources */,
				30D7BAD72987F20900B0950F /* ErrorEvent.swift in Sources */,
				30244A3C2969F9DF009482B1 /* VerbInputCoordinator+Composition.swift in Sources */,
			);
			runOnlyForDeploymentPostprocessing = 0;
		};
/* End PBXSourcesBuildPhase section */

/* Begin PBXTargetDependency section */
		30E3A15C296C1DC400E91149 /* PBXTargetDependency */ = {
			isa = PBXTargetDependency;
			target = 7555FF7A242A565900829871 /* Conjugator */;
			targetProxy = 30E3A15B296C1DC400E91149 /* PBXContainerItemProxy */;
		};
/* End PBXTargetDependency section */

/* Begin PBXVariantGroup section */
		302449F02969CC0F009482B1 /* LaunchScreen.storyboard */ = {
			isa = PBXVariantGroup;
			children = (
				302449F12969CC0F009482B1 /* Base */,
			);
			name = LaunchScreen.storyboard;
			sourceTree = "<group>";
		};
/* End PBXVariantGroup section */

/* Begin XCBuildConfiguration section */
		30E3A15D296C1DC400E91149 /* Debug */ = {
			isa = XCBuildConfiguration;
			baseConfigurationReference = 6638715715521A1464597B9C /* Pods-ConjugatorTests.debug.xcconfig */;
			buildSettings = {
				BUNDLE_LOADER = "$(TEST_HOST)";
				CLANG_CXX_LANGUAGE_STANDARD = "gnu++20";
				CODE_SIGN_STYLE = Automatic;
				CURRENT_PROJECT_VERSION = 5;
				DEBUG_INFORMATION_FORMAT = dwarf;
				DEVELOPMENT_TEAM = BFCB9DGYYY;
				GENERATE_INFOPLIST_FILE = YES;
				IPHONEOS_DEPLOYMENT_TARGET = 16.2;
				MARKETING_VERSION = 1.0;
				PRODUCT_BUNDLE_IDENTIFIER = max.svetlov.iosAppTests;
				PRODUCT_NAME = "$(TARGET_NAME)";
				SWIFT_EMIT_LOC_STRINGS = NO;
				SWIFT_VERSION = 5.0;
				TARGETED_DEVICE_FAMILY = "1,2";
				TEST_HOST = "$(BUILT_PRODUCTS_DIR)/Conjugator.app/$(BUNDLE_EXECUTABLE_FOLDER_PATH)/Conjugator";
			};
			name = Debug;
		};
		30E3A15E296C1DC400E91149 /* Release */ = {
			isa = XCBuildConfiguration;
			baseConfigurationReference = 181FF72EA1CF382F18A4D2E0 /* Pods-ConjugatorTests.release.xcconfig */;
			buildSettings = {
				BUNDLE_LOADER = "$(TEST_HOST)";
				CLANG_CXX_LANGUAGE_STANDARD = "gnu++20";
				CODE_SIGN_STYLE = Automatic;
				CURRENT_PROJECT_VERSION = 5;
				DEVELOPMENT_TEAM = BFCB9DGYYY;
				GENERATE_INFOPLIST_FILE = YES;
				IPHONEOS_DEPLOYMENT_TARGET = 16.2;
				MARKETING_VERSION = 1.0;
				PRODUCT_BUNDLE_IDENTIFIER = max.svetlov.iosAppTests;
				PRODUCT_NAME = "$(TARGET_NAME)";
				SWIFT_EMIT_LOC_STRINGS = NO;
				SWIFT_VERSION = 5.0;
				TARGETED_DEVICE_FAMILY = "1,2";
				TEST_HOST = "$(BUILT_PRODUCTS_DIR)/Conjugator.app/$(BUNDLE_EXECUTABLE_FOLDER_PATH)/Conjugator";
			};
			name = Release;
		};
		7555FFA3242A565B00829871 /* Debug */ = {
			isa = XCBuildConfiguration;
			buildSettings = {
				ALWAYS_SEARCH_USER_PATHS = NO;
				CLANG_ANALYZER_NONNULL = YES;
				CLANG_ANALYZER_NUMBER_OBJECT_CONVERSION = YES_AGGRESSIVE;
				CLANG_CXX_LANGUAGE_STANDARD = "gnu++14";
				CLANG_CXX_LIBRARY = "libc++";
				CLANG_ENABLE_MODULES = YES;
				CLANG_ENABLE_OBJC_ARC = YES;
				CLANG_ENABLE_OBJC_WEAK = YES;
				CLANG_WARN_BLOCK_CAPTURE_AUTORELEASING = YES;
				CLANG_WARN_BOOL_CONVERSION = YES;
				CLANG_WARN_COMMA = YES;
				CLANG_WARN_CONSTANT_CONVERSION = YES;
				CLANG_WARN_DEPRECATED_OBJC_IMPLEMENTATIONS = YES;
				CLANG_WARN_DIRECT_OBJC_ISA_USAGE = YES_ERROR;
				CLANG_WARN_DOCUMENTATION_COMMENTS = YES;
				CLANG_WARN_EMPTY_BODY = YES;
				CLANG_WARN_ENUM_CONVERSION = YES;
				CLANG_WARN_INFINITE_RECURSION = YES;
				CLANG_WARN_INT_CONVERSION = YES;
				CLANG_WARN_NON_LITERAL_NULL_CONVERSION = YES;
				CLANG_WARN_OBJC_IMPLICIT_RETAIN_SELF = YES;
				CLANG_WARN_OBJC_LITERAL_CONVERSION = YES;
				CLANG_WARN_OBJC_ROOT_CLASS = YES_ERROR;
				CLANG_WARN_QUOTED_INCLUDE_IN_FRAMEWORK_HEADER = YES;
				CLANG_WARN_RANGE_LOOP_ANALYSIS = YES;
				CLANG_WARN_STRICT_PROTOTYPES = YES;
				CLANG_WARN_SUSPICIOUS_MOVE = YES;
				CLANG_WARN_UNGUARDED_AVAILABILITY = YES_AGGRESSIVE;
				CLANG_WARN_UNREACHABLE_CODE = YES;
				CLANG_WARN__DUPLICATE_METHOD_MATCH = YES;
				COPY_PHASE_STRIP = NO;
				DEBUG_INFORMATION_FORMAT = "dwarf-with-dsym";
				ENABLE_STRICT_OBJC_MSGSEND = YES;
				ENABLE_TESTABILITY = YES;
				GCC_C_LANGUAGE_STANDARD = gnu11;
				GCC_DYNAMIC_NO_PIC = NO;
				GCC_NO_COMMON_BLOCKS = YES;
				GCC_OPTIMIZATION_LEVEL = 0;
				GCC_PREPROCESSOR_DEFINITIONS = (
					"DEBUG=1",
					"$(inherited)",
				);
				GCC_WARN_64_TO_32_BIT_CONVERSION = YES;
				GCC_WARN_ABOUT_RETURN_TYPE = YES_ERROR;
				GCC_WARN_UNDECLARED_SELECTOR = YES;
				GCC_WARN_UNINITIALIZED_AUTOS = YES_AGGRESSIVE;
				GCC_WARN_UNUSED_FUNCTION = YES;
				GCC_WARN_UNUSED_VARIABLE = YES;
				IPHONEOS_DEPLOYMENT_TARGET = 15.0;
				MTL_ENABLE_DEBUG_INFO = INCLUDE_SOURCE;
				MTL_FAST_MATH = YES;
				ONLY_ACTIVE_ARCH = YES;
				SDKROOT = iphoneos;
				SWIFT_ACTIVE_COMPILATION_CONDITIONS = DEBUG;
				SWIFT_OPTIMIZATION_LEVEL = "-Onone";
			};
			name = Debug;
		};
		7555FFA4242A565B00829871 /* Release */ = {
			isa = XCBuildConfiguration;
			buildSettings = {
				ALWAYS_SEARCH_USER_PATHS = NO;
				CLANG_ANALYZER_NONNULL = YES;
				CLANG_ANALYZER_NUMBER_OBJECT_CONVERSION = YES_AGGRESSIVE;
				CLANG_CXX_LANGUAGE_STANDARD = "gnu++14";
				CLANG_CXX_LIBRARY = "libc++";
				CLANG_ENABLE_MODULES = YES;
				CLANG_ENABLE_OBJC_ARC = YES;
				CLANG_ENABLE_OBJC_WEAK = YES;
				CLANG_WARN_BLOCK_CAPTURE_AUTORELEASING = YES;
				CLANG_WARN_BOOL_CONVERSION = YES;
				CLANG_WARN_COMMA = YES;
				CLANG_WARN_CONSTANT_CONVERSION = YES;
				CLANG_WARN_DEPRECATED_OBJC_IMPLEMENTATIONS = YES;
				CLANG_WARN_DIRECT_OBJC_ISA_USAGE = YES_ERROR;
				CLANG_WARN_DOCUMENTATION_COMMENTS = YES;
				CLANG_WARN_EMPTY_BODY = YES;
				CLANG_WARN_ENUM_CONVERSION = YES;
				CLANG_WARN_INFINITE_RECURSION = YES;
				CLANG_WARN_INT_CONVERSION = YES;
				CLANG_WARN_NON_LITERAL_NULL_CONVERSION = YES;
				CLANG_WARN_OBJC_IMPLICIT_RETAIN_SELF = YES;
				CLANG_WARN_OBJC_LITERAL_CONVERSION = YES;
				CLANG_WARN_OBJC_ROOT_CLASS = YES_ERROR;
				CLANG_WARN_QUOTED_INCLUDE_IN_FRAMEWORK_HEADER = YES;
				CLANG_WARN_RANGE_LOOP_ANALYSIS = YES;
				CLANG_WARN_STRICT_PROTOTYPES = YES;
				CLANG_WARN_SUSPICIOUS_MOVE = YES;
				CLANG_WARN_UNGUARDED_AVAILABILITY = YES_AGGRESSIVE;
				CLANG_WARN_UNREACHABLE_CODE = YES;
				CLANG_WARN__DUPLICATE_METHOD_MATCH = YES;
				COPY_PHASE_STRIP = NO;
				DEBUG_INFORMATION_FORMAT = "dwarf-with-dsym";
				ENABLE_NS_ASSERTIONS = NO;
				ENABLE_STRICT_OBJC_MSGSEND = YES;
				GCC_C_LANGUAGE_STANDARD = gnu11;
				GCC_NO_COMMON_BLOCKS = YES;
				GCC_WARN_64_TO_32_BIT_CONVERSION = YES;
				GCC_WARN_ABOUT_RETURN_TYPE = YES_ERROR;
				GCC_WARN_UNDECLARED_SELECTOR = YES;
				GCC_WARN_UNINITIALIZED_AUTOS = YES_AGGRESSIVE;
				GCC_WARN_UNUSED_FUNCTION = YES;
				GCC_WARN_UNUSED_VARIABLE = YES;
				IPHONEOS_DEPLOYMENT_TARGET = 15.0;
				MTL_ENABLE_DEBUG_INFO = NO;
				MTL_FAST_MATH = YES;
				SDKROOT = iphoneos;
				SWIFT_COMPILATION_MODE = wholemodule;
				SWIFT_OPTIMIZATION_LEVEL = "-O";
				VALIDATE_PRODUCT = YES;
			};
			name = Release;
		};
		7555FFA6242A565B00829871 /* Debug */ = {
			isa = XCBuildConfiguration;
			baseConfigurationReference = 69DDFBF6815D880D90E0D0E2 /* Pods-Conjugator.debug.xcconfig */;
			buildSettings = {
				ASSETCATALOG_COMPILER_APPICON_NAME = AppIcon;
				CLANG_ENABLE_MODULES = YES;
				"CODE_SIGN_IDENTITY[sdk=iphoneos*]" = "iPhone Distribution";
				CODE_SIGN_STYLE = Manual;
				DEVELOPMENT_TEAM = "";
				"DEVELOPMENT_TEAM[sdk=iphoneos*]" = L5J3TMH8YF;
				ENABLE_PREVIEWS = YES;
				INFOPLIST_FILE = iosApp/Info.plist;
				INFOPLIST_KEY_CFBundleDisplayName = Conjugator;
				INFOPLIST_KEY_LSApplicationCategoryType = "public.app-category.education";
				IPHONEOS_DEPLOYMENT_TARGET = 15.0;
				LD_RUNPATH_SEARCH_PATHS = (
					"$(inherited)",
					"@executable_path/Frameworks",
				);
				OTHER_CFLAGS = (
					"$(inherited)",
					"-fmodule-map-file=\"${PODS_CONFIGURATION_BUILD_DIR}/LumiereToolkit/LumiereToolkit.modulemap\"",
					"-isystem",
					"\"${PODS_ROOT}/Headers/Public\"",
					"-isystem",
					"\"${PODS_ROOT}/Headers/Public/Firebase\"",
					"-isystem",
					"\"${PODS_ROOT}/Headers/Public/FirebaseCore\"",
					"-isystem",
					"\"${PODS_ROOT}/Headers/Public/FirebaseCoreDiagnostics\"",
					"-isystem",
					"\"${PODS_ROOT}/Headers/Public/FirebaseInstallations\"",
					"-isystem",
					"\"${PODS_ROOT}/Headers/Public/GoogleDataTransport\"",
					"-isystem",
					"\"${PODS_ROOT}/Headers/Public/GoogleUtilities\"",
					"-isystem",
					"\"${PODS_ROOT}/Headers/Public/PromisesObjC\"",
					"-isystem",
					"\"${PODS_ROOT}/Headers/Public/nanopb\"",
					"-iframework",
					"\"${PODS_ROOT}/FirebaseAnalytics/Frameworks\"",
					"-iframework",
					"\"${PODS_XCFRAMEWORKS_BUILD_DIR}/FirebaseAnalytics/WithoutAdIdSupport\"",
					"-iframework",
					"\"${PODS_ROOT}/GoogleAppMeasurement/Frameworks\"",
					"-iframework",
					"\"${PODS_XCFRAMEWORKS_BUILD_DIR}/GoogleAppMeasurement/WithoutAdIdSupport\"",
					"-iframework",
					"\"${PODS_ROOT}/../../shared/build/cocoapods/framework\"",
				);
				PRODUCT_BUNDLE_IDENTIFIER = com.maksimsviatlou.conjugator;
				PRODUCT_NAME = "$(TARGET_NAME)";
				PROVISIONING_PROFILE_SPECIFIER = "";
				"PROVISIONING_PROFILE_SPECIFIER[sdk=iphoneos*]" = "match AppStore com.maksimsviatlou.conjugator";
				SWIFT_OPTIMIZATION_LEVEL = "-Onone";
				SWIFT_VERSION = 5.0;
				TARGETED_DEVICE_FAMILY = "1,2";
			};
			name = Debug;
		};
		7555FFA7242A565B00829871 /* Release */ = {
			isa = XCBuildConfiguration;
			baseConfigurationReference = 40132C4F6524962A76B37561 /* Pods-Conjugator.release.xcconfig */;
			buildSettings = {
				ASSETCATALOG_COMPILER_APPICON_NAME = AppIcon;
				CLANG_ENABLE_MODULES = YES;
				"CODE_SIGN_IDENTITY[sdk=iphoneos*]" = "iPhone Distribution";
				CODE_SIGN_STYLE = Manual;
				DEVELOPMENT_TEAM = "";
				"DEVELOPMENT_TEAM[sdk=iphoneos*]" = L5J3TMH8YF;
				ENABLE_PREVIEWS = YES;
				INFOPLIST_FILE = iosApp/Info.plist;
				INFOPLIST_KEY_CFBundleDisplayName = Conjugator;
				INFOPLIST_KEY_LSApplicationCategoryType = "public.app-category.education";
				IPHONEOS_DEPLOYMENT_TARGET = 15.0;
				LD_RUNPATH_SEARCH_PATHS = (
					"$(inherited)",
					"@executable_path/Frameworks",
				);
				PRODUCT_BUNDLE_IDENTIFIER = com.maksimsviatlou.conjugator;
				PRODUCT_NAME = "$(TARGET_NAME)";
				PROVISIONING_PROFILE_SPECIFIER = "";
				"PROVISIONING_PROFILE_SPECIFIER[sdk=iphoneos*]" = "match AppStore com.maksimsviatlou.conjugator";
				SWIFT_VERSION = 5.0;
				TARGETED_DEVICE_FAMILY = "1,2";
			};
			name = Release;
		};
/* End XCBuildConfiguration section */

/* Begin XCConfigurationList section */
		30E3A15F296C1DC400E91149 /* Build configuration list for PBXNativeTarget "ConjugatorTests" */ = {
			isa = XCConfigurationList;
			buildConfigurations = (
				30E3A15D296C1DC400E91149 /* Debug */,
				30E3A15E296C1DC400E91149 /* Release */,
			);
			defaultConfigurationIsVisible = 0;
			defaultConfigurationName = Release;
		};
		7555FF76242A565900829871 /* Build configuration list for PBXProject "Conjugator" */ = {
			isa = XCConfigurationList;
			buildConfigurations = (
				7555FFA3242A565B00829871 /* Debug */,
				7555FFA4242A565B00829871 /* Release */,
			);
			defaultConfigurationIsVisible = 0;
			defaultConfigurationName = Release;
		};
		7555FFA5242A565B00829871 /* Build configuration list for PBXNativeTarget "Conjugator" */ = {
			isa = XCConfigurationList;
			buildConfigurations = (
				7555FFA6242A565B00829871 /* Debug */,
				7555FFA7242A565B00829871 /* Release */,
			);
			defaultConfigurationIsVisible = 0;
			defaultConfigurationName = Release;
		};
/* End XCConfigurationList section */
	};
	rootObject = 7555FF73242A565900829871 /* Project object */;
}
